// !$*UTF8*$!
{
	archiveVersion = 1;
	classes = {
	};
	objectVersion = 46;
	objects = {

/* Begin PBXBuildFile section */
		EF7F5523140FDC6300D8B26A /* QuartzCore.framework in Frameworks */ = {isa = PBXBuildFile; fileRef = EF7F5522140FDC6300D8B26A /* QuartzCore.framework */; };
		EF7F5525140FDC6300D8B26A /* OpenGL.framework in Frameworks */ = {isa = PBXBuildFile; fileRef = EF7F5524140FDC6300D8B26A /* OpenGL.framework */; };
		EF7F5527140FDC6300D8B26A /* OpenAL.framework in Frameworks */ = {isa = PBXBuildFile; fileRef = EF7F5526140FDC6300D8B26A /* OpenAL.framework */; };
		EF7F5529140FDC6300D8B26A /* AudioToolbox.framework in Frameworks */ = {isa = PBXBuildFile; fileRef = EF7F5528140FDC6300D8B26A /* AudioToolbox.framework */; };
		EF7F552B140FDC6300D8B26A /* AppKit.framework in Frameworks */ = {isa = PBXBuildFile; fileRef = EF7F552A140FDC6300D8B26A /* AppKit.framework */; };
		EF7F552D140FDC6300D8B26A /* Foundation.framework in Frameworks */ = {isa = PBXBuildFile; fileRef = EF7F552C140FDC6300D8B26A /* Foundation.framework */; };
		EF7F5533140FDC6300D8B26A /* InfoPlist.strings in Resources */ = {isa = PBXBuildFile; fileRef = EF7F5531140FDC6300D8B26A /* InfoPlist.strings */; };
		EF7F5536140FDC6300D8B26A /* MainMenu.xib in Resources */ = {isa = PBXBuildFile; fileRef = EF7F5534140FDC6300D8B26A /* MainMenu.xib */; };
		EF7F5538140FDC6300D8B26A /* fps_images.png in Resources */ = {isa = PBXBuildFile; fileRef = EF7F5537140FDC6300D8B26A /* fps_images.png */; };
		EF7F553A140FDC6300D8B26A /* icon.icns in Resources */ = {isa = PBXBuildFile; fileRef = EF7F5539140FDC6300D8B26A /* icon.icns */; };
		EF7F5540140FDC6300D8B26A /* CCAction.m in Sources */ = {isa = PBXBuildFile; fileRef = EF7F553F140FDC6300D8B26A /* CCAction.m */; };
		EF7F5543140FDC6300D8B26A /* CCActionCamera.m in Sources */ = {isa = PBXBuildFile; fileRef = EF7F5542140FDC6300D8B26A /* CCActionCamera.m */; };
		EF7F5546140FDC6300D8B26A /* CCActionEase.m in Sources */ = {isa = PBXBuildFile; fileRef = EF7F5545140FDC6300D8B26A /* CCActionEase.m */; };
		EF7F5549140FDC6400D8B26A /* CCActionGrid.m in Sources */ = {isa = PBXBuildFile; fileRef = EF7F5548140FDC6400D8B26A /* CCActionGrid.m */; };
		EF7F554C140FDC6400D8B26A /* CCActionGrid3D.m in Sources */ = {isa = PBXBuildFile; fileRef = EF7F554B140FDC6400D8B26A /* CCActionGrid3D.m */; };
		EF7F554F140FDC6400D8B26A /* CCActionInstant.m in Sources */ = {isa = PBXBuildFile; fileRef = EF7F554E140FDC6400D8B26A /* CCActionInstant.m */; };
		EF7F5552140FDC6400D8B26A /* CCActionInterval.m in Sources */ = {isa = PBXBuildFile; fileRef = EF7F5551140FDC6400D8B26A /* CCActionInterval.m */; };
		EF7F5555140FDC6400D8B26A /* CCActionManager.m in Sources */ = {isa = PBXBuildFile; fileRef = EF7F5554140FDC6400D8B26A /* CCActionManager.m */; };
		EF7F5558140FDC6400D8B26A /* CCActionPageTurn3D.m in Sources */ = {isa = PBXBuildFile; fileRef = EF7F5557140FDC6400D8B26A /* CCActionPageTurn3D.m */; };
		EF7F555B140FDC6400D8B26A /* CCActionProgressTimer.m in Sources */ = {isa = PBXBuildFile; fileRef = EF7F555A140FDC6400D8B26A /* CCActionProgressTimer.m */; };
		EF7F555E140FDC6400D8B26A /* CCActionTiledGrid.m in Sources */ = {isa = PBXBuildFile; fileRef = EF7F555D140FDC6400D8B26A /* CCActionTiledGrid.m */; };
		EF7F5561140FDC6400D8B26A /* CCActionTween.m in Sources */ = {isa = PBXBuildFile; fileRef = EF7F5560140FDC6400D8B26A /* CCActionTween.m */; };
		EF7F5564140FDC6400D8B26A /* CCAnimation.m in Sources */ = {isa = PBXBuildFile; fileRef = EF7F5563140FDC6400D8B26A /* CCAnimation.m */; };
		EF7F5567140FDC6400D8B26A /* CCAnimationCache.m in Sources */ = {isa = PBXBuildFile; fileRef = EF7F5566140FDC6400D8B26A /* CCAnimationCache.m */; };
		EF7F556A140FDC6400D8B26A /* CCAtlasNode.m in Sources */ = {isa = PBXBuildFile; fileRef = EF7F5569140FDC6400D8B26A /* CCAtlasNode.m */; };
		EF7F556D140FDC6400D8B26A /* CCBlockSupport.m in Sources */ = {isa = PBXBuildFile; fileRef = EF7F556C140FDC6400D8B26A /* CCBlockSupport.m */; };
		EF7F5570140FDC6400D8B26A /* CCCamera.m in Sources */ = {isa = PBXBuildFile; fileRef = EF7F556F140FDC6400D8B26A /* CCCamera.m */; };
		EF7F5574140FDC6400D8B26A /* CCConfiguration.m in Sources */ = {isa = PBXBuildFile; fileRef = EF7F5573140FDC6400D8B26A /* CCConfiguration.m */; };
		EF7F5577140FDC6400D8B26A /* CCDirector.m in Sources */ = {isa = PBXBuildFile; fileRef = EF7F5576140FDC6400D8B26A /* CCDirector.m */; };
		EF7F557A140FDC6400D8B26A /* CCDrawingPrimitives.m in Sources */ = {isa = PBXBuildFile; fileRef = EF7F5579140FDC6400D8B26A /* CCDrawingPrimitives.m */; };
		EF7F557D140FDC6400D8B26A /* CCGrabber.m in Sources */ = {isa = PBXBuildFile; fileRef = EF7F557C140FDC6400D8B26A /* CCGrabber.m */; };
		EF7F5580140FDC6400D8B26A /* CCGrid.m in Sources */ = {isa = PBXBuildFile; fileRef = EF7F557F140FDC6400D8B26A /* CCGrid.m */; };
		EF7F5583140FDC6400D8B26A /* CCLabelAtlas.m in Sources */ = {isa = PBXBuildFile; fileRef = EF7F5582140FDC6400D8B26A /* CCLabelAtlas.m */; };
		EF7F5586140FDC6400D8B26A /* CCLabelBMFont.m in Sources */ = {isa = PBXBuildFile; fileRef = EF7F5585140FDC6400D8B26A /* CCLabelBMFont.m */; };
		EF7F5589140FDC6400D8B26A /* CCLabelTTF.m in Sources */ = {isa = PBXBuildFile; fileRef = EF7F5588140FDC6400D8B26A /* CCLabelTTF.m */; };
		EF7F558C140FDC6400D8B26A /* CCLayer.m in Sources */ = {isa = PBXBuildFile; fileRef = EF7F558B140FDC6400D8B26A /* CCLayer.m */; };
		EF7F5590140FDC6400D8B26A /* CCMenu.m in Sources */ = {isa = PBXBuildFile; fileRef = EF7F558F140FDC6400D8B26A /* CCMenu.m */; };
		EF7F5593140FDC6400D8B26A /* CCMenuItem.m in Sources */ = {isa = PBXBuildFile; fileRef = EF7F5592140FDC6400D8B26A /* CCMenuItem.m */; };
		EF7F5596140FDC6400D8B26A /* CCMotionStreak.m in Sources */ = {isa = PBXBuildFile; fileRef = EF7F5595140FDC6400D8B26A /* CCMotionStreak.m */; };
		EF7F5599140FDC6400D8B26A /* CCNode.m in Sources */ = {isa = PBXBuildFile; fileRef = EF7F5598140FDC6400D8B26A /* CCNode.m */; };
		EF7F559C140FDC6400D8B26A /* CCParallaxNode.m in Sources */ = {isa = PBXBuildFile; fileRef = EF7F559B140FDC6400D8B26A /* CCParallaxNode.m */; };
		EF7F559F140FDC6400D8B26A /* CCParticleExamples.m in Sources */ = {isa = PBXBuildFile; fileRef = EF7F559E140FDC6400D8B26A /* CCParticleExamples.m */; };
		EF7F55A2140FDC6400D8B26A /* CCParticleSystem.m in Sources */ = {isa = PBXBuildFile; fileRef = EF7F55A1140FDC6400D8B26A /* CCParticleSystem.m */; };
		EF7F55A5140FDC6400D8B26A /* CCParticleSystemPoint.m in Sources */ = {isa = PBXBuildFile; fileRef = EF7F55A4140FDC6400D8B26A /* CCParticleSystemPoint.m */; };
		EF7F55A8140FDC6400D8B26A /* CCParticleSystemQuad.m in Sources */ = {isa = PBXBuildFile; fileRef = EF7F55A7140FDC6400D8B26A /* CCParticleSystemQuad.m */; };
		EF7F55AB140FDC6400D8B26A /* CCProgressTimer.m in Sources */ = {isa = PBXBuildFile; fileRef = EF7F55AA140FDC6400D8B26A /* CCProgressTimer.m */; };
		EF7F55AF140FDC6400D8B26A /* CCRenderTexture.m in Sources */ = {isa = PBXBuildFile; fileRef = EF7F55AE140FDC6400D8B26A /* CCRenderTexture.m */; };
		EF7F55B2140FDC6400D8B26A /* CCRibbon.m in Sources */ = {isa = PBXBuildFile; fileRef = EF7F55B1140FDC6400D8B26A /* CCRibbon.m */; };
		EF7F55B5140FDC6400D8B26A /* CCScene.m in Sources */ = {isa = PBXBuildFile; fileRef = EF7F55B4140FDC6400D8B26A /* CCScene.m */; };
		EF7F55B8140FDC6400D8B26A /* CCScheduler.m in Sources */ = {isa = PBXBuildFile; fileRef = EF7F55B7140FDC6400D8B26A /* CCScheduler.m */; };
		EF7F55BB140FDC6400D8B26A /* CCSprite.m in Sources */ = {isa = PBXBuildFile; fileRef = EF7F55BA140FDC6400D8B26A /* CCSprite.m */; };
		EF7F55BE140FDC6400D8B26A /* CCSpriteBatchNode.m in Sources */ = {isa = PBXBuildFile; fileRef = EF7F55BD140FDC6400D8B26A /* CCSpriteBatchNode.m */; };
		EF7F55C1140FDC6400D8B26A /* CCSpriteFrame.m in Sources */ = {isa = PBXBuildFile; fileRef = EF7F55C0140FDC6400D8B26A /* CCSpriteFrame.m */; };
		EF7F55C4140FDC6400D8B26A /* CCSpriteFrameCache.m in Sources */ = {isa = PBXBuildFile; fileRef = EF7F55C3140FDC6400D8B26A /* CCSpriteFrameCache.m */; };
		EF7F55C7140FDC6500D8B26A /* CCTexture2D.m in Sources */ = {isa = PBXBuildFile; fileRef = EF7F55C6140FDC6500D8B26A /* CCTexture2D.m */; };
		EF7F55CA140FDC6500D8B26A /* CCTextureAtlas.m in Sources */ = {isa = PBXBuildFile; fileRef = EF7F55C9140FDC6500D8B26A /* CCTextureAtlas.m */; };
		EF7F55CD140FDC6500D8B26A /* CCTextureCache.m in Sources */ = {isa = PBXBuildFile; fileRef = EF7F55CC140FDC6500D8B26A /* CCTextureCache.m */; };
		EF7F55D0140FDC6500D8B26A /* CCTexturePVR.m in Sources */ = {isa = PBXBuildFile; fileRef = EF7F55CF140FDC6500D8B26A /* CCTexturePVR.m */; };
		EF7F55D3140FDC6500D8B26A /* CCTileMapAtlas.m in Sources */ = {isa = PBXBuildFile; fileRef = EF7F55D2140FDC6500D8B26A /* CCTileMapAtlas.m */; };
		EF7F55D6140FDC6500D8B26A /* CCTMXLayer.m in Sources */ = {isa = PBXBuildFile; fileRef = EF7F55D5140FDC6500D8B26A /* CCTMXLayer.m */; };
		EF7F55D9140FDC6500D8B26A /* CCTMXObjectGroup.m in Sources */ = {isa = PBXBuildFile; fileRef = EF7F55D8140FDC6500D8B26A /* CCTMXObjectGroup.m */; };
		EF7F55DC140FDC6500D8B26A /* CCTMXTiledMap.m in Sources */ = {isa = PBXBuildFile; fileRef = EF7F55DB140FDC6500D8B26A /* CCTMXTiledMap.m */; };
		EF7F55DF140FDC6500D8B26A /* CCTMXXMLParser.m in Sources */ = {isa = PBXBuildFile; fileRef = EF7F55DE140FDC6500D8B26A /* CCTMXXMLParser.m */; };
		EF7F55E2140FDC6500D8B26A /* CCTransition.m in Sources */ = {isa = PBXBuildFile; fileRef = EF7F55E1140FDC6500D8B26A /* CCTransition.m */; };
		EF7F55E5140FDC6500D8B26A /* CCTransitionPageTurn.m in Sources */ = {isa = PBXBuildFile; fileRef = EF7F55E4140FDC6500D8B26A /* CCTransitionPageTurn.m */; };
		EF7F55E8140FDC6500D8B26A /* CCTransitionRadial.m in Sources */ = {isa = PBXBuildFile; fileRef = EF7F55E7140FDC6500D8B26A /* CCTransitionRadial.m */; };
		EF7F55EC140FDC6500D8B26A /* cocos2d.m in Sources */ = {isa = PBXBuildFile; fileRef = EF7F55EB140FDC6500D8B26A /* cocos2d.m */; };
		EF7F55F3140FDC6500D8B26A /* CCDirectorIOS.m in Sources */ = {isa = PBXBuildFile; fileRef = EF7F55F2140FDC6500D8B26A /* CCDirectorIOS.m */; };
		EF7F55F7140FDC6500D8B26A /* CCTouchDispatcher.m in Sources */ = {isa = PBXBuildFile; fileRef = EF7F55F6140FDC6500D8B26A /* CCTouchDispatcher.m */; };
		EF7F55FA140FDC6500D8B26A /* CCTouchHandler.m in Sources */ = {isa = PBXBuildFile; fileRef = EF7F55F9140FDC6500D8B26A /* CCTouchHandler.m */; };
		EF7F55FD140FDC6500D8B26A /* EAGLView.m in Sources */ = {isa = PBXBuildFile; fileRef = EF7F55FC140FDC6500D8B26A /* EAGLView.m */; };
		EF7F5600140FDC6500D8B26A /* ES1Renderer.m in Sources */ = {isa = PBXBuildFile; fileRef = EF7F55FF140FDC6500D8B26A /* ES1Renderer.m */; };
		EF7F5603140FDC6500D8B26A /* glu.c in Sources */ = {isa = PBXBuildFile; fileRef = EF7F5602140FDC6500D8B26A /* glu.c */; };
		EF7F5608140FDC6500D8B26A /* CCDirectorMac.m in Sources */ = {isa = PBXBuildFile; fileRef = EF7F5607140FDC6500D8B26A /* CCDirectorMac.m */; };
		EF7F560B140FDC6500D8B26A /* CCEventDispatcher.m in Sources */ = {isa = PBXBuildFile; fileRef = EF7F560A140FDC6500D8B26A /* CCEventDispatcher.m */; };
		EF7F560E140FDC6500D8B26A /* MacGLView.m in Sources */ = {isa = PBXBuildFile; fileRef = EF7F560D140FDC6500D8B26A /* MacGLView.m */; };
		EF7F5611140FDC6500D8B26A /* MacWindow.m in Sources */ = {isa = PBXBuildFile; fileRef = EF7F5610140FDC6500D8B26A /* MacWindow.m */; };
		EF7F5614140FDC6500D8B26A /* base64.c in Sources */ = {isa = PBXBuildFile; fileRef = EF7F5613140FDC6500D8B26A /* base64.c */; };
		EF7F5618140FDC6500D8B26A /* CCArray.m in Sources */ = {isa = PBXBuildFile; fileRef = EF7F5617140FDC6500D8B26A /* CCArray.m */; };
		EF7F561C140FDC6500D8B26A /* CCFileUtils.m in Sources */ = {isa = PBXBuildFile; fileRef = EF7F561B140FDC6500D8B26A /* CCFileUtils.m */; };
		EF7F561F140FDC6500D8B26A /* CCProfiling.m in Sources */ = {isa = PBXBuildFile; fileRef = EF7F561E140FDC6500D8B26A /* CCProfiling.m */; };
		EF7F5621140FDC6500D8B26A /* ccUtils.c in Sources */ = {isa = PBXBuildFile; fileRef = EF7F5620140FDC6500D8B26A /* ccUtils.c */; };
		EF7F5625140FDC6500D8B26A /* CGPointExtension.m in Sources */ = {isa = PBXBuildFile; fileRef = EF7F5624140FDC6500D8B26A /* CGPointExtension.m */; };
		EF7F5629140FDC6500D8B26A /* TGAlib.m in Sources */ = {isa = PBXBuildFile; fileRef = EF7F5628140FDC6500D8B26A /* TGAlib.m */; };
		EF7F562C140FDC6500D8B26A /* TransformUtils.m in Sources */ = {isa = PBXBuildFile; fileRef = EF7F562B140FDC6500D8B26A /* TransformUtils.m */; };
		EF7F5631140FDC6500D8B26A /* ZipUtils.m in Sources */ = {isa = PBXBuildFile; fileRef = EF7F5630140FDC6500D8B26A /* ZipUtils.m */; };
		EF7F5636140FDC6500D8B26A /* CDAudioManager.m in Sources */ = {isa = PBXBuildFile; fileRef = EF7F5635140FDC6500D8B26A /* CDAudioManager.m */; };
		EF7F563A140FDC6500D8B26A /* CDOpenALSupport.m in Sources */ = {isa = PBXBuildFile; fileRef = EF7F5639140FDC6500D8B26A /* CDOpenALSupport.m */; };
		EF7F563D140FDC6500D8B26A /* CocosDenshion.m in Sources */ = {isa = PBXBuildFile; fileRef = EF7F563C140FDC6500D8B26A /* CocosDenshion.m */; };
		EF7F5640140FDC6500D8B26A /* SimpleAudioEngine.m in Sources */ = {isa = PBXBuildFile; fileRef = EF7F563F140FDC6500D8B26A /* SimpleAudioEngine.m */; };
		EF7F5645140FDC6500D8B26A /* CDXMacOSXSupport.m in Sources */ = {isa = PBXBuildFile; fileRef = EF7F5644140FDC6500D8B26A /* CDXMacOSXSupport.m */; };
		EF7F5648140FDC6500D8B26A /* CDXPropertyModifierAction.m in Sources */ = {isa = PBXBuildFile; fileRef = EF7F5647140FDC6500D8B26A /* CDXPropertyModifierAction.m */; };
		EF7F564C140FDC6500D8B26A /* main.m in Sources */ = {isa = PBXBuildFile; fileRef = EF7F564B140FDC6500D8B26A /* main.m */; };
		EF7F564F140FDC6500D8B26A /* AppDelegate.m in Sources */ = {isa = PBXBuildFile; fileRef = EF7F564E140FDC6500D8B26A /* AppDelegate.m */; };
		EF7F5652140FDC6500D8B26A /* HelloWorldLayer.m in Sources */ = {isa = PBXBuildFile; fileRef = EF7F5651140FDC6500D8B26A /* HelloWorldLayer.m */; };
/* End PBXBuildFile section */

/* Begin PBXFileReference section */
		EF7F551E140FDC6300D8B26A /* Z1-editor.app */ = {isa = PBXFileReference; explicitFileType = wrapper.application; includeInIndex = 0; path = "Z1-editor.app"; sourceTree = BUILT_PRODUCTS_DIR; };
		EF7F5522140FDC6300D8B26A /* QuartzCore.framework */ = {isa = PBXFileReference; lastKnownFileType = wrapper.framework; name = QuartzCore.framework; path = System/Library/Frameworks/QuartzCore.framework; sourceTree = SDKROOT; };
		EF7F5524140FDC6300D8B26A /* OpenGL.framework */ = {isa = PBXFileReference; lastKnownFileType = wrapper.framework; name = OpenGL.framework; path = System/Library/Frameworks/OpenGL.framework; sourceTree = SDKROOT; };
		EF7F5526140FDC6300D8B26A /* OpenAL.framework */ = {isa = PBXFileReference; lastKnownFileType = wrapper.framework; name = OpenAL.framework; path = System/Library/Frameworks/OpenAL.framework; sourceTree = SDKROOT; };
		EF7F5528140FDC6300D8B26A /* AudioToolbox.framework */ = {isa = PBXFileReference; lastKnownFileType = wrapper.framework; name = AudioToolbox.framework; path = System/Library/Frameworks/AudioToolbox.framework; sourceTree = SDKROOT; };
		EF7F552A140FDC6300D8B26A /* AppKit.framework */ = {isa = PBXFileReference; lastKnownFileType = wrapper.framework; name = AppKit.framework; path = System/Library/Frameworks/AppKit.framework; sourceTree = SDKROOT; };
		EF7F552C140FDC6300D8B26A /* Foundation.framework */ = {isa = PBXFileReference; lastKnownFileType = wrapper.framework; name = Foundation.framework; path = System/Library/Frameworks/Foundation.framework; sourceTree = SDKROOT; };
		EF7F5532140FDC6300D8B26A /* English */ = {isa = PBXFileReference; lastKnownFileType = text.plist.strings; name = English; path = Resources/English.lproj/InfoPlist.strings; sourceTree = "<group>"; };
		EF7F5535140FDC6300D8B26A /* English */ = {isa = PBXFileReference; lastKnownFileType = file.xib; name = English; path = Resources/English.lproj/MainMenu.xib; sourceTree = "<group>"; };
		EF7F5537140FDC6300D8B26A /* fps_images.png */ = {isa = PBXFileReference; lastKnownFileType = image.png; name = fps_images.png; path = Resources/fps_images.png; sourceTree = "<group>"; };
		EF7F5539140FDC6300D8B26A /* icon.icns */ = {isa = PBXFileReference; lastKnownFileType = image.icns; name = icon.icns; path = Resources/icon.icns; sourceTree = "<group>"; };
		EF7F553B140FDC6300D8B26A /* Info.plist */ = {isa = PBXFileReference; lastKnownFileType = text.plist.xml; name = Info.plist; path = Resources/Info.plist; sourceTree = "<group>"; };
		EF7F553E140FDC6300D8B26A /* CCAction.h */ = {isa = PBXFileReference; lastKnownFileType = sourcecode.c.h; name = CCAction.h; path = libs/cocos2d/CCAction.h; sourceTree = "<group>"; };
		EF7F553F140FDC6300D8B26A /* CCAction.m */ = {isa = PBXFileReference; lastKnownFileType = sourcecode.c.objc; name = CCAction.m; path = libs/cocos2d/CCAction.m; sourceTree = "<group>"; };
		EF7F5541140FDC6300D8B26A /* CCActionCamera.h */ = {isa = PBXFileReference; lastKnownFileType = sourcecode.c.h; name = CCActionCamera.h; path = libs/cocos2d/CCActionCamera.h; sourceTree = "<group>"; };
		EF7F5542140FDC6300D8B26A /* CCActionCamera.m */ = {isa = PBXFileReference; lastKnownFileType = sourcecode.c.objc; name = CCActionCamera.m; path = libs/cocos2d/CCActionCamera.m; sourceTree = "<group>"; };
		EF7F5544140FDC6300D8B26A /* CCActionEase.h */ = {isa = PBXFileReference; lastKnownFileType = sourcecode.c.h; name = CCActionEase.h; path = libs/cocos2d/CCActionEase.h; sourceTree = "<group>"; };
		EF7F5545140FDC6300D8B26A /* CCActionEase.m */ = {isa = PBXFileReference; lastKnownFileType = sourcecode.c.objc; name = CCActionEase.m; path = libs/cocos2d/CCActionEase.m; sourceTree = "<group>"; };
		EF7F5547140FDC6300D8B26A /* CCActionGrid.h */ = {isa = PBXFileReference; lastKnownFileType = sourcecode.c.h; name = CCActionGrid.h; path = libs/cocos2d/CCActionGrid.h; sourceTree = "<group>"; };
		EF7F5548140FDC6400D8B26A /* CCActionGrid.m */ = {isa = PBXFileReference; lastKnownFileType = sourcecode.c.objc; name = CCActionGrid.m; path = libs/cocos2d/CCActionGrid.m; sourceTree = "<group>"; };
		EF7F554A140FDC6400D8B26A /* CCActionGrid3D.h */ = {isa = PBXFileReference; lastKnownFileType = sourcecode.c.h; name = CCActionGrid3D.h; path = libs/cocos2d/CCActionGrid3D.h; sourceTree = "<group>"; };
		EF7F554B140FDC6400D8B26A /* CCActionGrid3D.m */ = {isa = PBXFileReference; lastKnownFileType = sourcecode.c.objc; name = CCActionGrid3D.m; path = libs/cocos2d/CCActionGrid3D.m; sourceTree = "<group>"; };
		EF7F554D140FDC6400D8B26A /* CCActionInstant.h */ = {isa = PBXFileReference; lastKnownFileType = sourcecode.c.h; name = CCActionInstant.h; path = libs/cocos2d/CCActionInstant.h; sourceTree = "<group>"; };
		EF7F554E140FDC6400D8B26A /* CCActionInstant.m */ = {isa = PBXFileReference; lastKnownFileType = sourcecode.c.objc; name = CCActionInstant.m; path = libs/cocos2d/CCActionInstant.m; sourceTree = "<group>"; };
		EF7F5550140FDC6400D8B26A /* CCActionInterval.h */ = {isa = PBXFileReference; lastKnownFileType = sourcecode.c.h; name = CCActionInterval.h; path = libs/cocos2d/CCActionInterval.h; sourceTree = "<group>"; };
		EF7F5551140FDC6400D8B26A /* CCActionInterval.m */ = {isa = PBXFileReference; lastKnownFileType = sourcecode.c.objc; name = CCActionInterval.m; path = libs/cocos2d/CCActionInterval.m; sourceTree = "<group>"; };
		EF7F5553140FDC6400D8B26A /* CCActionManager.h */ = {isa = PBXFileReference; lastKnownFileType = sourcecode.c.h; name = CCActionManager.h; path = libs/cocos2d/CCActionManager.h; sourceTree = "<group>"; };
		EF7F5554140FDC6400D8B26A /* CCActionManager.m */ = {isa = PBXFileReference; lastKnownFileType = sourcecode.c.objc; name = CCActionManager.m; path = libs/cocos2d/CCActionManager.m; sourceTree = "<group>"; };
		EF7F5556140FDC6400D8B26A /* CCActionPageTurn3D.h */ = {isa = PBXFileReference; lastKnownFileType = sourcecode.c.h; name = CCActionPageTurn3D.h; path = libs/cocos2d/CCActionPageTurn3D.h; sourceTree = "<group>"; };
		EF7F5557140FDC6400D8B26A /* CCActionPageTurn3D.m */ = {isa = PBXFileReference; lastKnownFileType = sourcecode.c.objc; name = CCActionPageTurn3D.m; path = libs/cocos2d/CCActionPageTurn3D.m; sourceTree = "<group>"; };
		EF7F5559140FDC6400D8B26A /* CCActionProgressTimer.h */ = {isa = PBXFileReference; lastKnownFileType = sourcecode.c.h; name = CCActionProgressTimer.h; path = libs/cocos2d/CCActionProgressTimer.h; sourceTree = "<group>"; };
		EF7F555A140FDC6400D8B26A /* CCActionProgressTimer.m */ = {isa = PBXFileReference; lastKnownFileType = sourcecode.c.objc; name = CCActionProgressTimer.m; path = libs/cocos2d/CCActionProgressTimer.m; sourceTree = "<group>"; };
		EF7F555C140FDC6400D8B26A /* CCActionTiledGrid.h */ = {isa = PBXFileReference; lastKnownFileType = sourcecode.c.h; name = CCActionTiledGrid.h; path = libs/cocos2d/CCActionTiledGrid.h; sourceTree = "<group>"; };
		EF7F555D140FDC6400D8B26A /* CCActionTiledGrid.m */ = {isa = PBXFileReference; lastKnownFileType = sourcecode.c.objc; name = CCActionTiledGrid.m; path = libs/cocos2d/CCActionTiledGrid.m; sourceTree = "<group>"; };
		EF7F555F140FDC6400D8B26A /* CCActionTween.h */ = {isa = PBXFileReference; lastKnownFileType = sourcecode.c.h; name = CCActionTween.h; path = libs/cocos2d/CCActionTween.h; sourceTree = "<group>"; };
		EF7F5560140FDC6400D8B26A /* CCActionTween.m */ = {isa = PBXFileReference; lastKnownFileType = sourcecode.c.objc; name = CCActionTween.m; path = libs/cocos2d/CCActionTween.m; sourceTree = "<group>"; };
		EF7F5562140FDC6400D8B26A /* CCAnimation.h */ = {isa = PBXFileReference; lastKnownFileType = sourcecode.c.h; name = CCAnimation.h; path = libs/cocos2d/CCAnimation.h; sourceTree = "<group>"; };
		EF7F5563140FDC6400D8B26A /* CCAnimation.m */ = {isa = PBXFileReference; lastKnownFileType = sourcecode.c.objc; name = CCAnimation.m; path = libs/cocos2d/CCAnimation.m; sourceTree = "<group>"; };
		EF7F5565140FDC6400D8B26A /* CCAnimationCache.h */ = {isa = PBXFileReference; lastKnownFileType = sourcecode.c.h; name = CCAnimationCache.h; path = libs/cocos2d/CCAnimationCache.h; sourceTree = "<group>"; };
		EF7F5566140FDC6400D8B26A /* CCAnimationCache.m */ = {isa = PBXFileReference; lastKnownFileType = sourcecode.c.objc; name = CCAnimationCache.m; path = libs/cocos2d/CCAnimationCache.m; sourceTree = "<group>"; };
		EF7F5568140FDC6400D8B26A /* CCAtlasNode.h */ = {isa = PBXFileReference; lastKnownFileType = sourcecode.c.h; name = CCAtlasNode.h; path = libs/cocos2d/CCAtlasNode.h; sourceTree = "<group>"; };
		EF7F5569140FDC6400D8B26A /* CCAtlasNode.m */ = {isa = PBXFileReference; lastKnownFileType = sourcecode.c.objc; name = CCAtlasNode.m; path = libs/cocos2d/CCAtlasNode.m; sourceTree = "<group>"; };
		EF7F556B140FDC6400D8B26A /* CCBlockSupport.h */ = {isa = PBXFileReference; lastKnownFileType = sourcecode.c.h; name = CCBlockSupport.h; path = libs/cocos2d/CCBlockSupport.h; sourceTree = "<group>"; };
		EF7F556C140FDC6400D8B26A /* CCBlockSupport.m */ = {isa = PBXFileReference; lastKnownFileType = sourcecode.c.objc; name = CCBlockSupport.m; path = libs/cocos2d/CCBlockSupport.m; sourceTree = "<group>"; };
		EF7F556E140FDC6400D8B26A /* CCCamera.h */ = {isa = PBXFileReference; lastKnownFileType = sourcecode.c.h; name = CCCamera.h; path = libs/cocos2d/CCCamera.h; sourceTree = "<group>"; };
		EF7F556F140FDC6400D8B26A /* CCCamera.m */ = {isa = PBXFileReference; lastKnownFileType = sourcecode.c.objc; name = CCCamera.m; path = libs/cocos2d/CCCamera.m; sourceTree = "<group>"; };
		EF7F5571140FDC6400D8B26A /* ccConfig.h */ = {isa = PBXFileReference; lastKnownFileType = sourcecode.c.h; name = ccConfig.h; path = libs/cocos2d/ccConfig.h; sourceTree = "<group>"; };
		EF7F5572140FDC6400D8B26A /* CCConfiguration.h */ = {isa = PBXFileReference; lastKnownFileType = sourcecode.c.h; name = CCConfiguration.h; path = libs/cocos2d/CCConfiguration.h; sourceTree = "<group>"; };
		EF7F5573140FDC6400D8B26A /* CCConfiguration.m */ = {isa = PBXFileReference; lastKnownFileType = sourcecode.c.objc; name = CCConfiguration.m; path = libs/cocos2d/CCConfiguration.m; sourceTree = "<group>"; };
		EF7F5575140FDC6400D8B26A /* CCDirector.h */ = {isa = PBXFileReference; lastKnownFileType = sourcecode.c.h; name = CCDirector.h; path = libs/cocos2d/CCDirector.h; sourceTree = "<group>"; };
		EF7F5576140FDC6400D8B26A /* CCDirector.m */ = {isa = PBXFileReference; lastKnownFileType = sourcecode.c.objc; name = CCDirector.m; path = libs/cocos2d/CCDirector.m; sourceTree = "<group>"; };
		EF7F5578140FDC6400D8B26A /* CCDrawingPrimitives.h */ = {isa = PBXFileReference; lastKnownFileType = sourcecode.c.h; name = CCDrawingPrimitives.h; path = libs/cocos2d/CCDrawingPrimitives.h; sourceTree = "<group>"; };
		EF7F5579140FDC6400D8B26A /* CCDrawingPrimitives.m */ = {isa = PBXFileReference; lastKnownFileType = sourcecode.c.objc; name = CCDrawingPrimitives.m; path = libs/cocos2d/CCDrawingPrimitives.m; sourceTree = "<group>"; };
		EF7F557B140FDC6400D8B26A /* CCGrabber.h */ = {isa = PBXFileReference; lastKnownFileType = sourcecode.c.h; name = CCGrabber.h; path = libs/cocos2d/CCGrabber.h; sourceTree = "<group>"; };
		EF7F557C140FDC6400D8B26A /* CCGrabber.m */ = {isa = PBXFileReference; lastKnownFileType = sourcecode.c.objc; name = CCGrabber.m; path = libs/cocos2d/CCGrabber.m; sourceTree = "<group>"; };
		EF7F557E140FDC6400D8B26A /* CCGrid.h */ = {isa = PBXFileReference; lastKnownFileType = sourcecode.c.h; name = CCGrid.h; path = libs/cocos2d/CCGrid.h; sourceTree = "<group>"; };
		EF7F557F140FDC6400D8B26A /* CCGrid.m */ = {isa = PBXFileReference; lastKnownFileType = sourcecode.c.objc; name = CCGrid.m; path = libs/cocos2d/CCGrid.m; sourceTree = "<group>"; };
		EF7F5581140FDC6400D8B26A /* CCLabelAtlas.h */ = {isa = PBXFileReference; lastKnownFileType = sourcecode.c.h; name = CCLabelAtlas.h; path = libs/cocos2d/CCLabelAtlas.h; sourceTree = "<group>"; };
		EF7F5582140FDC6400D8B26A /* CCLabelAtlas.m */ = {isa = PBXFileReference; lastKnownFileType = sourcecode.c.objc; name = CCLabelAtlas.m; path = libs/cocos2d/CCLabelAtlas.m; sourceTree = "<group>"; };
		EF7F5584140FDC6400D8B26A /* CCLabelBMFont.h */ = {isa = PBXFileReference; lastKnownFileType = sourcecode.c.h; name = CCLabelBMFont.h; path = libs/cocos2d/CCLabelBMFont.h; sourceTree = "<group>"; };
		EF7F5585140FDC6400D8B26A /* CCLabelBMFont.m */ = {isa = PBXFileReference; lastKnownFileType = sourcecode.c.objc; name = CCLabelBMFont.m; path = libs/cocos2d/CCLabelBMFont.m; sourceTree = "<group>"; };
		EF7F5587140FDC6400D8B26A /* CCLabelTTF.h */ = {isa = PBXFileReference; lastKnownFileType = sourcecode.c.h; name = CCLabelTTF.h; path = libs/cocos2d/CCLabelTTF.h; sourceTree = "<group>"; };
		EF7F5588140FDC6400D8B26A /* CCLabelTTF.m */ = {isa = PBXFileReference; lastKnownFileType = sourcecode.c.objc; name = CCLabelTTF.m; path = libs/cocos2d/CCLabelTTF.m; sourceTree = "<group>"; };
		EF7F558A140FDC6400D8B26A /* CCLayer.h */ = {isa = PBXFileReference; lastKnownFileType = sourcecode.c.h; name = CCLayer.h; path = libs/cocos2d/CCLayer.h; sourceTree = "<group>"; };
		EF7F558B140FDC6400D8B26A /* CCLayer.m */ = {isa = PBXFileReference; lastKnownFileType = sourcecode.c.objc; name = CCLayer.m; path = libs/cocos2d/CCLayer.m; sourceTree = "<group>"; };
		EF7F558D140FDC6400D8B26A /* ccMacros.h */ = {isa = PBXFileReference; lastKnownFileType = sourcecode.c.h; name = ccMacros.h; path = libs/cocos2d/ccMacros.h; sourceTree = "<group>"; };
		EF7F558E140FDC6400D8B26A /* CCMenu.h */ = {isa = PBXFileReference; lastKnownFileType = sourcecode.c.h; name = CCMenu.h; path = libs/cocos2d/CCMenu.h; sourceTree = "<group>"; };
		EF7F558F140FDC6400D8B26A /* CCMenu.m */ = {isa = PBXFileReference; lastKnownFileType = sourcecode.c.objc; name = CCMenu.m; path = libs/cocos2d/CCMenu.m; sourceTree = "<group>"; };
		EF7F5591140FDC6400D8B26A /* CCMenuItem.h */ = {isa = PBXFileReference; lastKnownFileType = sourcecode.c.h; name = CCMenuItem.h; path = libs/cocos2d/CCMenuItem.h; sourceTree = "<group>"; };
		EF7F5592140FDC6400D8B26A /* CCMenuItem.m */ = {isa = PBXFileReference; lastKnownFileType = sourcecode.c.objc; name = CCMenuItem.m; path = libs/cocos2d/CCMenuItem.m; sourceTree = "<group>"; };
		EF7F5594140FDC6400D8B26A /* CCMotionStreak.h */ = {isa = PBXFileReference; lastKnownFileType = sourcecode.c.h; name = CCMotionStreak.h; path = libs/cocos2d/CCMotionStreak.h; sourceTree = "<group>"; };
		EF7F5595140FDC6400D8B26A /* CCMotionStreak.m */ = {isa = PBXFileReference; lastKnownFileType = sourcecode.c.objc; name = CCMotionStreak.m; path = libs/cocos2d/CCMotionStreak.m; sourceTree = "<group>"; };
		EF7F5597140FDC6400D8B26A /* CCNode.h */ = {isa = PBXFileReference; lastKnownFileType = sourcecode.c.h; name = CCNode.h; path = libs/cocos2d/CCNode.h; sourceTree = "<group>"; };
		EF7F5598140FDC6400D8B26A /* CCNode.m */ = {isa = PBXFileReference; lastKnownFileType = sourcecode.c.objc; name = CCNode.m; path = libs/cocos2d/CCNode.m; sourceTree = "<group>"; };
		EF7F559A140FDC6400D8B26A /* CCParallaxNode.h */ = {isa = PBXFileReference; lastKnownFileType = sourcecode.c.h; name = CCParallaxNode.h; path = libs/cocos2d/CCParallaxNode.h; sourceTree = "<group>"; };
		EF7F559B140FDC6400D8B26A /* CCParallaxNode.m */ = {isa = PBXFileReference; lastKnownFileType = sourcecode.c.objc; name = CCParallaxNode.m; path = libs/cocos2d/CCParallaxNode.m; sourceTree = "<group>"; };
		EF7F559D140FDC6400D8B26A /* CCParticleExamples.h */ = {isa = PBXFileReference; lastKnownFileType = sourcecode.c.h; name = CCParticleExamples.h; path = libs/cocos2d/CCParticleExamples.h; sourceTree = "<group>"; };
		EF7F559E140FDC6400D8B26A /* CCParticleExamples.m */ = {isa = PBXFileReference; lastKnownFileType = sourcecode.c.objc; name = CCParticleExamples.m; path = libs/cocos2d/CCParticleExamples.m; sourceTree = "<group>"; };
		EF7F55A0140FDC6400D8B26A /* CCParticleSystem.h */ = {isa = PBXFileReference; lastKnownFileType = sourcecode.c.h; name = CCParticleSystem.h; path = libs/cocos2d/CCParticleSystem.h; sourceTree = "<group>"; };
		EF7F55A1140FDC6400D8B26A /* CCParticleSystem.m */ = {isa = PBXFileReference; lastKnownFileType = sourcecode.c.objc; name = CCParticleSystem.m; path = libs/cocos2d/CCParticleSystem.m; sourceTree = "<group>"; };
		EF7F55A3140FDC6400D8B26A /* CCParticleSystemPoint.h */ = {isa = PBXFileReference; lastKnownFileType = sourcecode.c.h; name = CCParticleSystemPoint.h; path = libs/cocos2d/CCParticleSystemPoint.h; sourceTree = "<group>"; };
		EF7F55A4140FDC6400D8B26A /* CCParticleSystemPoint.m */ = {isa = PBXFileReference; lastKnownFileType = sourcecode.c.objc; name = CCParticleSystemPoint.m; path = libs/cocos2d/CCParticleSystemPoint.m; sourceTree = "<group>"; };
		EF7F55A6140FDC6400D8B26A /* CCParticleSystemQuad.h */ = {isa = PBXFileReference; lastKnownFileType = sourcecode.c.h; name = CCParticleSystemQuad.h; path = libs/cocos2d/CCParticleSystemQuad.h; sourceTree = "<group>"; };
		EF7F55A7140FDC6400D8B26A /* CCParticleSystemQuad.m */ = {isa = PBXFileReference; lastKnownFileType = sourcecode.c.objc; name = CCParticleSystemQuad.m; path = libs/cocos2d/CCParticleSystemQuad.m; sourceTree = "<group>"; };
		EF7F55A9140FDC6400D8B26A /* CCProgressTimer.h */ = {isa = PBXFileReference; lastKnownFileType = sourcecode.c.h; name = CCProgressTimer.h; path = libs/cocos2d/CCProgressTimer.h; sourceTree = "<group>"; };
		EF7F55AA140FDC6400D8B26A /* CCProgressTimer.m */ = {isa = PBXFileReference; lastKnownFileType = sourcecode.c.objc; name = CCProgressTimer.m; path = libs/cocos2d/CCProgressTimer.m; sourceTree = "<group>"; };
		EF7F55AC140FDC6400D8B26A /* CCProtocols.h */ = {isa = PBXFileReference; lastKnownFileType = sourcecode.c.h; name = CCProtocols.h; path = libs/cocos2d/CCProtocols.h; sourceTree = "<group>"; };
		EF7F55AD140FDC6400D8B26A /* CCRenderTexture.h */ = {isa = PBXFileReference; lastKnownFileType = sourcecode.c.h; name = CCRenderTexture.h; path = libs/cocos2d/CCRenderTexture.h; sourceTree = "<group>"; };
		EF7F55AE140FDC6400D8B26A /* CCRenderTexture.m */ = {isa = PBXFileReference; lastKnownFileType = sourcecode.c.objc; name = CCRenderTexture.m; path = libs/cocos2d/CCRenderTexture.m; sourceTree = "<group>"; };
		EF7F55B0140FDC6400D8B26A /* CCRibbon.h */ = {isa = PBXFileReference; lastKnownFileType = sourcecode.c.h; name = CCRibbon.h; path = libs/cocos2d/CCRibbon.h; sourceTree = "<group>"; };
		EF7F55B1140FDC6400D8B26A /* CCRibbon.m */ = {isa = PBXFileReference; lastKnownFileType = sourcecode.c.objc; name = CCRibbon.m; path = libs/cocos2d/CCRibbon.m; sourceTree = "<group>"; };
		EF7F55B3140FDC6400D8B26A /* CCScene.h */ = {isa = PBXFileReference; lastKnownFileType = sourcecode.c.h; name = CCScene.h; path = libs/cocos2d/CCScene.h; sourceTree = "<group>"; };
		EF7F55B4140FDC6400D8B26A /* CCScene.m */ = {isa = PBXFileReference; lastKnownFileType = sourcecode.c.objc; name = CCScene.m; path = libs/cocos2d/CCScene.m; sourceTree = "<group>"; };
		EF7F55B6140FDC6400D8B26A /* CCScheduler.h */ = {isa = PBXFileReference; lastKnownFileType = sourcecode.c.h; name = CCScheduler.h; path = libs/cocos2d/CCScheduler.h; sourceTree = "<group>"; };
		EF7F55B7140FDC6400D8B26A /* CCScheduler.m */ = {isa = PBXFileReference; lastKnownFileType = sourcecode.c.objc; name = CCScheduler.m; path = libs/cocos2d/CCScheduler.m; sourceTree = "<group>"; };
		EF7F55B9140FDC6400D8B26A /* CCSprite.h */ = {isa = PBXFileReference; lastKnownFileType = sourcecode.c.h; name = CCSprite.h; path = libs/cocos2d/CCSprite.h; sourceTree = "<group>"; };
		EF7F55BA140FDC6400D8B26A /* CCSprite.m */ = {isa = PBXFileReference; lastKnownFileType = sourcecode.c.objc; name = CCSprite.m; path = libs/cocos2d/CCSprite.m; sourceTree = "<group>"; };
		EF7F55BC140FDC6400D8B26A /* CCSpriteBatchNode.h */ = {isa = PBXFileReference; lastKnownFileType = sourcecode.c.h; name = CCSpriteBatchNode.h; path = libs/cocos2d/CCSpriteBatchNode.h; sourceTree = "<group>"; };
		EF7F55BD140FDC6400D8B26A /* CCSpriteBatchNode.m */ = {isa = PBXFileReference; lastKnownFileType = sourcecode.c.objc; name = CCSpriteBatchNode.m; path = libs/cocos2d/CCSpriteBatchNode.m; sourceTree = "<group>"; };
		EF7F55BF140FDC6400D8B26A /* CCSpriteFrame.h */ = {isa = PBXFileReference; lastKnownFileType = sourcecode.c.h; name = CCSpriteFrame.h; path = libs/cocos2d/CCSpriteFrame.h; sourceTree = "<group>"; };
		EF7F55C0140FDC6400D8B26A /* CCSpriteFrame.m */ = {isa = PBXFileReference; lastKnownFileType = sourcecode.c.objc; name = CCSpriteFrame.m; path = libs/cocos2d/CCSpriteFrame.m; sourceTree = "<group>"; };
		EF7F55C2140FDC6400D8B26A /* CCSpriteFrameCache.h */ = {isa = PBXFileReference; lastKnownFileType = sourcecode.c.h; name = CCSpriteFrameCache.h; path = libs/cocos2d/CCSpriteFrameCache.h; sourceTree = "<group>"; };
		EF7F55C3140FDC6400D8B26A /* CCSpriteFrameCache.m */ = {isa = PBXFileReference; lastKnownFileType = sourcecode.c.objc; name = CCSpriteFrameCache.m; path = libs/cocos2d/CCSpriteFrameCache.m; sourceTree = "<group>"; };
		EF7F55C5140FDC6400D8B26A /* CCTexture2D.h */ = {isa = PBXFileReference; lastKnownFileType = sourcecode.c.h; name = CCTexture2D.h; path = libs/cocos2d/CCTexture2D.h; sourceTree = "<group>"; };
		EF7F55C6140FDC6500D8B26A /* CCTexture2D.m */ = {isa = PBXFileReference; lastKnownFileType = sourcecode.c.objc; name = CCTexture2D.m; path = libs/cocos2d/CCTexture2D.m; sourceTree = "<group>"; };
		EF7F55C8140FDC6500D8B26A /* CCTextureAtlas.h */ = {isa = PBXFileReference; lastKnownFileType = sourcecode.c.h; name = CCTextureAtlas.h; path = libs/cocos2d/CCTextureAtlas.h; sourceTree = "<group>"; };
		EF7F55C9140FDC6500D8B26A /* CCTextureAtlas.m */ = {isa = PBXFileReference; lastKnownFileType = sourcecode.c.objc; name = CCTextureAtlas.m; path = libs/cocos2d/CCTextureAtlas.m; sourceTree = "<group>"; };
		EF7F55CB140FDC6500D8B26A /* CCTextureCache.h */ = {isa = PBXFileReference; lastKnownFileType = sourcecode.c.h; name = CCTextureCache.h; path = libs/cocos2d/CCTextureCache.h; sourceTree = "<group>"; };
		EF7F55CC140FDC6500D8B26A /* CCTextureCache.m */ = {isa = PBXFileReference; lastKnownFileType = sourcecode.c.objc; name = CCTextureCache.m; path = libs/cocos2d/CCTextureCache.m; sourceTree = "<group>"; };
		EF7F55CE140FDC6500D8B26A /* CCTexturePVR.h */ = {isa = PBXFileReference; lastKnownFileType = sourcecode.c.h; name = CCTexturePVR.h; path = libs/cocos2d/CCTexturePVR.h; sourceTree = "<group>"; };
		EF7F55CF140FDC6500D8B26A /* CCTexturePVR.m */ = {isa = PBXFileReference; lastKnownFileType = sourcecode.c.objc; name = CCTexturePVR.m; path = libs/cocos2d/CCTexturePVR.m; sourceTree = "<group>"; };
		EF7F55D1140FDC6500D8B26A /* CCTileMapAtlas.h */ = {isa = PBXFileReference; lastKnownFileType = sourcecode.c.h; name = CCTileMapAtlas.h; path = libs/cocos2d/CCTileMapAtlas.h; sourceTree = "<group>"; };
		EF7F55D2140FDC6500D8B26A /* CCTileMapAtlas.m */ = {isa = PBXFileReference; lastKnownFileType = sourcecode.c.objc; name = CCTileMapAtlas.m; path = libs/cocos2d/CCTileMapAtlas.m; sourceTree = "<group>"; };
		EF7F55D4140FDC6500D8B26A /* CCTMXLayer.h */ = {isa = PBXFileReference; lastKnownFileType = sourcecode.c.h; name = CCTMXLayer.h; path = libs/cocos2d/CCTMXLayer.h; sourceTree = "<group>"; };
		EF7F55D5140FDC6500D8B26A /* CCTMXLayer.m */ = {isa = PBXFileReference; lastKnownFileType = sourcecode.c.objc; name = CCTMXLayer.m; path = libs/cocos2d/CCTMXLayer.m; sourceTree = "<group>"; };
		EF7F55D7140FDC6500D8B26A /* CCTMXObjectGroup.h */ = {isa = PBXFileReference; lastKnownFileType = sourcecode.c.h; name = CCTMXObjectGroup.h; path = libs/cocos2d/CCTMXObjectGroup.h; sourceTree = "<group>"; };
		EF7F55D8140FDC6500D8B26A /* CCTMXObjectGroup.m */ = {isa = PBXFileReference; lastKnownFileType = sourcecode.c.objc; name = CCTMXObjectGroup.m; path = libs/cocos2d/CCTMXObjectGroup.m; sourceTree = "<group>"; };
		EF7F55DA140FDC6500D8B26A /* CCTMXTiledMap.h */ = {isa = PBXFileReference; lastKnownFileType = sourcecode.c.h; name = CCTMXTiledMap.h; path = libs/cocos2d/CCTMXTiledMap.h; sourceTree = "<group>"; };
		EF7F55DB140FDC6500D8B26A /* CCTMXTiledMap.m */ = {isa = PBXFileReference; lastKnownFileType = sourcecode.c.objc; name = CCTMXTiledMap.m; path = libs/cocos2d/CCTMXTiledMap.m; sourceTree = "<group>"; };
		EF7F55DD140FDC6500D8B26A /* CCTMXXMLParser.h */ = {isa = PBXFileReference; lastKnownFileType = sourcecode.c.h; name = CCTMXXMLParser.h; path = libs/cocos2d/CCTMXXMLParser.h; sourceTree = "<group>"; };
		EF7F55DE140FDC6500D8B26A /* CCTMXXMLParser.m */ = {isa = PBXFileReference; lastKnownFileType = sourcecode.c.objc; name = CCTMXXMLParser.m; path = libs/cocos2d/CCTMXXMLParser.m; sourceTree = "<group>"; };
		EF7F55E0140FDC6500D8B26A /* CCTransition.h */ = {isa = PBXFileReference; lastKnownFileType = sourcecode.c.h; name = CCTransition.h; path = libs/cocos2d/CCTransition.h; sourceTree = "<group>"; };
		EF7F55E1140FDC6500D8B26A /* CCTransition.m */ = {isa = PBXFileReference; lastKnownFileType = sourcecode.c.objc; name = CCTransition.m; path = libs/cocos2d/CCTransition.m; sourceTree = "<group>"; };
		EF7F55E3140FDC6500D8B26A /* CCTransitionPageTurn.h */ = {isa = PBXFileReference; lastKnownFileType = sourcecode.c.h; name = CCTransitionPageTurn.h; path = libs/cocos2d/CCTransitionPageTurn.h; sourceTree = "<group>"; };
		EF7F55E4140FDC6500D8B26A /* CCTransitionPageTurn.m */ = {isa = PBXFileReference; lastKnownFileType = sourcecode.c.objc; name = CCTransitionPageTurn.m; path = libs/cocos2d/CCTransitionPageTurn.m; sourceTree = "<group>"; };
		EF7F55E6140FDC6500D8B26A /* CCTransitionRadial.h */ = {isa = PBXFileReference; lastKnownFileType = sourcecode.c.h; name = CCTransitionRadial.h; path = libs/cocos2d/CCTransitionRadial.h; sourceTree = "<group>"; };
		EF7F55E7140FDC6500D8B26A /* CCTransitionRadial.m */ = {isa = PBXFileReference; lastKnownFileType = sourcecode.c.objc; name = CCTransitionRadial.m; path = libs/cocos2d/CCTransitionRadial.m; sourceTree = "<group>"; };
		EF7F55E9140FDC6500D8B26A /* ccTypes.h */ = {isa = PBXFileReference; lastKnownFileType = sourcecode.c.h; name = ccTypes.h; path = libs/cocos2d/ccTypes.h; sourceTree = "<group>"; };
		EF7F55EA140FDC6500D8B26A /* cocos2d.h */ = {isa = PBXFileReference; lastKnownFileType = sourcecode.c.h; name = cocos2d.h; path = libs/cocos2d/cocos2d.h; sourceTree = "<group>"; };
		EF7F55EB140FDC6500D8B26A /* cocos2d.m */ = {isa = PBXFileReference; lastKnownFileType = sourcecode.c.objc; name = cocos2d.m; path = libs/cocos2d/cocos2d.m; sourceTree = "<group>"; };
		EF7F55EE140FDC6500D8B26A /* CCGL.h */ = {isa = PBXFileReference; lastKnownFileType = sourcecode.c.h; name = CCGL.h; path = libs/cocos2d/Platforms/CCGL.h; sourceTree = "<group>"; };
		EF7F55EF140FDC6500D8B26A /* CCNS.h */ = {isa = PBXFileReference; lastKnownFileType = sourcecode.c.h; name = CCNS.h; path = libs/cocos2d/Platforms/CCNS.h; sourceTree = "<group>"; };
		EF7F55F1140FDC6500D8B26A /* CCDirectorIOS.h */ = {isa = PBXFileReference; lastKnownFileType = sourcecode.c.h; name = CCDirectorIOS.h; path = libs/cocos2d/Platforms/iOS/CCDirectorIOS.h; sourceTree = "<group>"; };
		EF7F55F2140FDC6500D8B26A /* CCDirectorIOS.m */ = {isa = PBXFileReference; lastKnownFileType = sourcecode.c.objc; name = CCDirectorIOS.m; path = libs/cocos2d/Platforms/iOS/CCDirectorIOS.m; sourceTree = "<group>"; };
		EF7F55F4140FDC6500D8B26A /* CCTouchDelegateProtocol.h */ = {isa = PBXFileReference; lastKnownFileType = sourcecode.c.h; name = CCTouchDelegateProtocol.h; path = libs/cocos2d/Platforms/iOS/CCTouchDelegateProtocol.h; sourceTree = "<group>"; };
		EF7F55F5140FDC6500D8B26A /* CCTouchDispatcher.h */ = {isa = PBXFileReference; lastKnownFileType = sourcecode.c.h; name = CCTouchDispatcher.h; path = libs/cocos2d/Platforms/iOS/CCTouchDispatcher.h; sourceTree = "<group>"; };
		EF7F55F6140FDC6500D8B26A /* CCTouchDispatcher.m */ = {isa = PBXFileReference; lastKnownFileType = sourcecode.c.objc; name = CCTouchDispatcher.m; path = libs/cocos2d/Platforms/iOS/CCTouchDispatcher.m; sourceTree = "<group>"; };
		EF7F55F8140FDC6500D8B26A /* CCTouchHandler.h */ = {isa = PBXFileReference; lastKnownFileType = sourcecode.c.h; name = CCTouchHandler.h; path = libs/cocos2d/Platforms/iOS/CCTouchHandler.h; sourceTree = "<group>"; };
		EF7F55F9140FDC6500D8B26A /* CCTouchHandler.m */ = {isa = PBXFileReference; lastKnownFileType = sourcecode.c.objc; name = CCTouchHandler.m; path = libs/cocos2d/Platforms/iOS/CCTouchHandler.m; sourceTree = "<group>"; };
		EF7F55FB140FDC6500D8B26A /* EAGLView.h */ = {isa = PBXFileReference; lastKnownFileType = sourcecode.c.h; name = EAGLView.h; path = libs/cocos2d/Platforms/iOS/EAGLView.h; sourceTree = "<group>"; };
		EF7F55FC140FDC6500D8B26A /* EAGLView.m */ = {isa = PBXFileReference; lastKnownFileType = sourcecode.c.objc; name = EAGLView.m; path = libs/cocos2d/Platforms/iOS/EAGLView.m; sourceTree = "<group>"; };
		EF7F55FE140FDC6500D8B26A /* ES1Renderer.h */ = {isa = PBXFileReference; lastKnownFileType = sourcecode.c.h; name = ES1Renderer.h; path = libs/cocos2d/Platforms/iOS/ES1Renderer.h; sourceTree = "<group>"; };
		EF7F55FF140FDC6500D8B26A /* ES1Renderer.m */ = {isa = PBXFileReference; lastKnownFileType = sourcecode.c.objc; name = ES1Renderer.m; path = libs/cocos2d/Platforms/iOS/ES1Renderer.m; sourceTree = "<group>"; };
		EF7F5601140FDC6500D8B26A /* ESRenderer.h */ = {isa = PBXFileReference; lastKnownFileType = sourcecode.c.h; name = ESRenderer.h; path = libs/cocos2d/Platforms/iOS/ESRenderer.h; sourceTree = "<group>"; };
		EF7F5602140FDC6500D8B26A /* glu.c */ = {isa = PBXFileReference; lastKnownFileType = sourcecode.c.c; name = glu.c; path = libs/cocos2d/Platforms/iOS/glu.c; sourceTree = "<group>"; };
		EF7F5604140FDC6500D8B26A /* glu.h */ = {isa = PBXFileReference; lastKnownFileType = sourcecode.c.h; name = glu.h; path = libs/cocos2d/Platforms/iOS/glu.h; sourceTree = "<group>"; };
		EF7F5606140FDC6500D8B26A /* CCDirectorMac.h */ = {isa = PBXFileReference; lastKnownFileType = sourcecode.c.h; name = CCDirectorMac.h; path = libs/cocos2d/Platforms/Mac/CCDirectorMac.h; sourceTree = "<group>"; };
		EF7F5607140FDC6500D8B26A /* CCDirectorMac.m */ = {isa = PBXFileReference; lastKnownFileType = sourcecode.c.objc; name = CCDirectorMac.m; path = libs/cocos2d/Platforms/Mac/CCDirectorMac.m; sourceTree = "<group>"; };
		EF7F5609140FDC6500D8B26A /* CCEventDispatcher.h */ = {isa = PBXFileReference; lastKnownFileType = sourcecode.c.h; name = CCEventDispatcher.h; path = libs/cocos2d/Platforms/Mac/CCEventDispatcher.h; sourceTree = "<group>"; };
		EF7F560A140FDC6500D8B26A /* CCEventDispatcher.m */ = {isa = PBXFileReference; lastKnownFileType = sourcecode.c.objc; name = CCEventDispatcher.m; path = libs/cocos2d/Platforms/Mac/CCEventDispatcher.m; sourceTree = "<group>"; };
		EF7F560C140FDC6500D8B26A /* MacGLView.h */ = {isa = PBXFileReference; lastKnownFileType = sourcecode.c.h; name = MacGLView.h; path = libs/cocos2d/Platforms/Mac/MacGLView.h; sourceTree = "<group>"; };
		EF7F560D140FDC6500D8B26A /* MacGLView.m */ = {isa = PBXFileReference; lastKnownFileType = sourcecode.c.objc; name = MacGLView.m; path = libs/cocos2d/Platforms/Mac/MacGLView.m; sourceTree = "<group>"; };
		EF7F560F140FDC6500D8B26A /* MacWindow.h */ = {isa = PBXFileReference; lastKnownFileType = sourcecode.c.h; name = MacWindow.h; path = libs/cocos2d/Platforms/Mac/MacWindow.h; sourceTree = "<group>"; };
		EF7F5610140FDC6500D8B26A /* MacWindow.m */ = {isa = PBXFileReference; lastKnownFileType = sourcecode.c.objc; name = MacWindow.m; path = libs/cocos2d/Platforms/Mac/MacWindow.m; sourceTree = "<group>"; };
		EF7F5613140FDC6500D8B26A /* base64.c */ = {isa = PBXFileReference; lastKnownFileType = sourcecode.c.c; name = base64.c; path = libs/cocos2d/Support/base64.c; sourceTree = "<group>"; };
		EF7F5615140FDC6500D8B26A /* base64.h */ = {isa = PBXFileReference; lastKnownFileType = sourcecode.c.h; name = base64.h; path = libs/cocos2d/Support/base64.h; sourceTree = "<group>"; };
		EF7F5616140FDC6500D8B26A /* CCArray.h */ = {isa = PBXFileReference; lastKnownFileType = sourcecode.c.h; name = CCArray.h; path = libs/cocos2d/Support/CCArray.h; sourceTree = "<group>"; };
		EF7F5617140FDC6500D8B26A /* CCArray.m */ = {isa = PBXFileReference; lastKnownFileType = sourcecode.c.objc; name = CCArray.m; path = libs/cocos2d/Support/CCArray.m; sourceTree = "<group>"; };
		EF7F5619140FDC6500D8B26A /* ccCArray.h */ = {isa = PBXFileReference; lastKnownFileType = sourcecode.c.h; name = ccCArray.h; path = libs/cocos2d/Support/ccCArray.h; sourceTree = "<group>"; };
		EF7F561A140FDC6500D8B26A /* CCFileUtils.h */ = {isa = PBXFileReference; lastKnownFileType = sourcecode.c.h; name = CCFileUtils.h; path = libs/cocos2d/Support/CCFileUtils.h; sourceTree = "<group>"; };
		EF7F561B140FDC6500D8B26A /* CCFileUtils.m */ = {isa = PBXFileReference; lastKnownFileType = sourcecode.c.objc; name = CCFileUtils.m; path = libs/cocos2d/Support/CCFileUtils.m; sourceTree = "<group>"; };
		EF7F561D140FDC6500D8B26A /* CCProfiling.h */ = {isa = PBXFileReference; lastKnownFileType = sourcecode.c.h; name = CCProfiling.h; path = libs/cocos2d/Support/CCProfiling.h; sourceTree = "<group>"; };
		EF7F561E140FDC6500D8B26A /* CCProfiling.m */ = {isa = PBXFileReference; lastKnownFileType = sourcecode.c.objc; name = CCProfiling.m; path = libs/cocos2d/Support/CCProfiling.m; sourceTree = "<group>"; };
		EF7F5620140FDC6500D8B26A /* ccUtils.c */ = {isa = PBXFileReference; lastKnownFileType = sourcecode.c.c; name = ccUtils.c; path = libs/cocos2d/Support/ccUtils.c; sourceTree = "<group>"; };
		EF7F5622140FDC6500D8B26A /* ccUtils.h */ = {isa = PBXFileReference; lastKnownFileType = sourcecode.c.h; name = ccUtils.h; path = libs/cocos2d/Support/ccUtils.h; sourceTree = "<group>"; };
		EF7F5623140FDC6500D8B26A /* CGPointExtension.h */ = {isa = PBXFileReference; lastKnownFileType = sourcecode.c.h; name = CGPointExtension.h; path = libs/cocos2d/Support/CGPointExtension.h; sourceTree = "<group>"; };
		EF7F5624140FDC6500D8B26A /* CGPointExtension.m */ = {isa = PBXFileReference; lastKnownFileType = sourcecode.c.objc; name = CGPointExtension.m; path = libs/cocos2d/Support/CGPointExtension.m; sourceTree = "<group>"; };
		EF7F5626140FDC6500D8B26A /* OpenGL_Internal.h */ = {isa = PBXFileReference; lastKnownFileType = sourcecode.c.h; name = OpenGL_Internal.h; path = libs/cocos2d/Support/OpenGL_Internal.h; sourceTree = "<group>"; };
		EF7F5627140FDC6500D8B26A /* TGAlib.h */ = {isa = PBXFileReference; lastKnownFileType = sourcecode.c.h; name = TGAlib.h; path = libs/cocos2d/Support/TGAlib.h; sourceTree = "<group>"; };
		EF7F5628140FDC6500D8B26A /* TGAlib.m */ = {isa = PBXFileReference; lastKnownFileType = sourcecode.c.objc; name = TGAlib.m; path = libs/cocos2d/Support/TGAlib.m; sourceTree = "<group>"; };
		EF7F562A140FDC6500D8B26A /* TransformUtils.h */ = {isa = PBXFileReference; lastKnownFileType = sourcecode.c.h; name = TransformUtils.h; path = libs/cocos2d/Support/TransformUtils.h; sourceTree = "<group>"; };
		EF7F562B140FDC6500D8B26A /* TransformUtils.m */ = {isa = PBXFileReference; lastKnownFileType = sourcecode.c.objc; name = TransformUtils.m; path = libs/cocos2d/Support/TransformUtils.m; sourceTree = "<group>"; };
		EF7F562D140FDC6500D8B26A /* uthash.h */ = {isa = PBXFileReference; lastKnownFileType = sourcecode.c.h; name = uthash.h; path = libs/cocos2d/Support/uthash.h; sourceTree = "<group>"; };
		EF7F562E140FDC6500D8B26A /* utlist.h */ = {isa = PBXFileReference; lastKnownFileType = sourcecode.c.h; name = utlist.h; path = libs/cocos2d/Support/utlist.h; sourceTree = "<group>"; };
		EF7F562F140FDC6500D8B26A /* ZipUtils.h */ = {isa = PBXFileReference; lastKnownFileType = sourcecode.c.h; name = ZipUtils.h; path = libs/cocos2d/Support/ZipUtils.h; sourceTree = "<group>"; };
		EF7F5630140FDC6500D8B26A /* ZipUtils.m */ = {isa = PBXFileReference; lastKnownFileType = sourcecode.c.objc; name = ZipUtils.m; path = libs/cocos2d/Support/ZipUtils.m; sourceTree = "<group>"; };
		EF7F5632140FDC6500D8B26A /* LICENSE_cocos2d.txt */ = {isa = PBXFileReference; lastKnownFileType = text; name = LICENSE_cocos2d.txt; path = libs/LICENSE_cocos2d.txt; sourceTree = "<group>"; };
		EF7F5634140FDC6500D8B26A /* CDAudioManager.h */ = {isa = PBXFileReference; lastKnownFileType = sourcecode.c.h; name = CDAudioManager.h; path = libs/CocosDenshion/CDAudioManager.h; sourceTree = "<group>"; };
		EF7F5635140FDC6500D8B26A /* CDAudioManager.m */ = {isa = PBXFileReference; lastKnownFileType = sourcecode.c.objc; name = CDAudioManager.m; path = libs/CocosDenshion/CDAudioManager.m; sourceTree = "<group>"; };
		EF7F5637140FDC6500D8B26A /* CDConfig.h */ = {isa = PBXFileReference; lastKnownFileType = sourcecode.c.h; name = CDConfig.h; path = libs/CocosDenshion/CDConfig.h; sourceTree = "<group>"; };
		EF7F5638140FDC6500D8B26A /* CDOpenALSupport.h */ = {isa = PBXFileReference; lastKnownFileType = sourcecode.c.h; name = CDOpenALSupport.h; path = libs/CocosDenshion/CDOpenALSupport.h; sourceTree = "<group>"; };
		EF7F5639140FDC6500D8B26A /* CDOpenALSupport.m */ = {isa = PBXFileReference; lastKnownFileType = sourcecode.c.objc; name = CDOpenALSupport.m; path = libs/CocosDenshion/CDOpenALSupport.m; sourceTree = "<group>"; };
		EF7F563B140FDC6500D8B26A /* CocosDenshion.h */ = {isa = PBXFileReference; lastKnownFileType = sourcecode.c.h; name = CocosDenshion.h; path = libs/CocosDenshion/CocosDenshion.h; sourceTree = "<group>"; };
		EF7F563C140FDC6500D8B26A /* CocosDenshion.m */ = {isa = PBXFileReference; lastKnownFileType = sourcecode.c.objc; name = CocosDenshion.m; path = libs/CocosDenshion/CocosDenshion.m; sourceTree = "<group>"; };
		EF7F563E140FDC6500D8B26A /* SimpleAudioEngine.h */ = {isa = PBXFileReference; lastKnownFileType = sourcecode.c.h; name = SimpleAudioEngine.h; path = libs/CocosDenshion/SimpleAudioEngine.h; sourceTree = "<group>"; };
		EF7F563F140FDC6500D8B26A /* SimpleAudioEngine.m */ = {isa = PBXFileReference; lastKnownFileType = sourcecode.c.objc; name = SimpleAudioEngine.m; path = libs/CocosDenshion/SimpleAudioEngine.m; sourceTree = "<group>"; };
		EF7F5641140FDC6500D8B26A /* LICENSE_CocosDenshion.txt */ = {isa = PBXFileReference; lastKnownFileType = text; name = LICENSE_CocosDenshion.txt; path = libs/LICENSE_CocosDenshion.txt; sourceTree = "<group>"; };
		EF7F5643140FDC6500D8B26A /* CDXMacOSXSupport.h */ = {isa = PBXFileReference; lastKnownFileType = sourcecode.c.h; name = CDXMacOSXSupport.h; path = libs/CocosDenshionExtras/CDXMacOSXSupport.h; sourceTree = "<group>"; };
		EF7F5644140FDC6500D8B26A /* CDXMacOSXSupport.m */ = {isa = PBXFileReference; lastKnownFileType = sourcecode.c.objc; name = CDXMacOSXSupport.m; path = libs/CocosDenshionExtras/CDXMacOSXSupport.m; sourceTree = "<group>"; };
		EF7F5646140FDC6500D8B26A /* CDXPropertyModifierAction.h */ = {isa = PBXFileReference; lastKnownFileType = sourcecode.c.h; name = CDXPropertyModifierAction.h; path = libs/CocosDenshionExtras/CDXPropertyModifierAction.h; sourceTree = "<group>"; };
		EF7F5647140FDC6500D8B26A /* CDXPropertyModifierAction.m */ = {isa = PBXFileReference; lastKnownFileType = sourcecode.c.objc; name = CDXPropertyModifierAction.m; path = libs/CocosDenshionExtras/CDXPropertyModifierAction.m; sourceTree = "<group>"; };
		EF7F564A140FDC6500D8B26A /* Prefix.pch */ = {isa = PBXFileReference; lastKnownFileType = sourcecode.c.h; path = Prefix.pch; sourceTree = "<group>"; };
		EF7F564B140FDC6500D8B26A /* main.m */ = {isa = PBXFileReference; lastKnownFileType = sourcecode.c.objc; path = main.m; sourceTree = "<group>"; };
		EF7F564D140FDC6500D8B26A /* AppDelegate.h */ = {isa = PBXFileReference; lastKnownFileType = sourcecode.c.h; path = AppDelegate.h; sourceTree = "<group>"; };
		EF7F564E140FDC6500D8B26A /* AppDelegate.m */ = {isa = PBXFileReference; lastKnownFileType = sourcecode.c.objc; path = AppDelegate.m; sourceTree = "<group>"; };
		EF7F5650140FDC6500D8B26A /* HelloWorldLayer.h */ = {isa = PBXFileReference; lastKnownFileType = sourcecode.c.h; path = HelloWorldLayer.h; sourceTree = "<group>"; };
		EF7F5651140FDC6500D8B26A /* HelloWorldLayer.m */ = {isa = PBXFileReference; lastKnownFileType = sourcecode.c.objc; path = HelloWorldLayer.m; sourceTree = "<group>"; };
/* End PBXFileReference section */

/* Begin PBXFrameworksBuildPhase section */
		EF7F551B140FDC6300D8B26A /* Frameworks */ = {
			isa = PBXFrameworksBuildPhase;
			buildActionMask = 2147483647;
			files = (
				EF7F5523140FDC6300D8B26A /* QuartzCore.framework in Frameworks */,
				EF7F5525140FDC6300D8B26A /* OpenGL.framework in Frameworks */,
				EF7F5527140FDC6300D8B26A /* OpenAL.framework in Frameworks */,
				EF7F5529140FDC6300D8B26A /* AudioToolbox.framework in Frameworks */,
				EF7F552B140FDC6300D8B26A /* AppKit.framework in Frameworks */,
				EF7F552D140FDC6300D8B26A /* Foundation.framework in Frameworks */,
			);
			runOnlyForDeploymentPostprocessing = 0;
		};
/* End PBXFrameworksBuildPhase section */

/* Begin PBXGroup section */
		EF7F5513140FDC6300D8B26A = {
			isa = PBXGroup;
			children = (
				EF7F552E140FDC6300D8B26A /* Z1-editor */,
				EF7F5521140FDC6300D8B26A /* Frameworks */,
				EF7F551F140FDC6300D8B26A /* Products */,
			);
			sourceTree = "<group>";
		};
		EF7F551F140FDC6300D8B26A /* Products */ = {
			isa = PBXGroup;
			children = (
				EF7F551E140FDC6300D8B26A /* Z1-editor.app */,
			);
			name = Products;
			sourceTree = "<group>";
		};
		EF7F5521140FDC6300D8B26A /* Frameworks */ = {
			isa = PBXGroup;
			children = (
				EF7F5522140FDC6300D8B26A /* QuartzCore.framework */,
				EF7F5524140FDC6300D8B26A /* OpenGL.framework */,
				EF7F5526140FDC6300D8B26A /* OpenAL.framework */,
				EF7F5528140FDC6300D8B26A /* AudioToolbox.framework */,
				EF7F552A140FDC6300D8B26A /* AppKit.framework */,
				EF7F552C140FDC6300D8B26A /* Foundation.framework */,
			);
			name = Frameworks;
			sourceTree = "<group>";
		};
		EF7F552E140FDC6300D8B26A /* Z1-editor */ = {
			isa = PBXGroup;
			children = (
				EF7F564D140FDC6500D8B26A /* AppDelegate.h */,
				EF7F564E140FDC6500D8B26A /* AppDelegate.m */,
				EF7F5650140FDC6500D8B26A /* HelloWorldLayer.h */,
				EF7F5651140FDC6500D8B26A /* HelloWorldLayer.m */,
				EF7F552F140FDC6300D8B26A /* Resources */,
				EF7F553C140FDC6300D8B26A /* libs */,
				EF7F5649140FDC6500D8B26A /* Supporting Files */,
			);
			path = "Z1-editor";
			sourceTree = "<group>";
		};
		EF7F552F140FDC6300D8B26A /* Resources */ = {
			isa = PBXGroup;
			children = (
				EF7F5537140FDC6300D8B26A /* fps_images.png */,
				EF7F5539140FDC6300D8B26A /* icon.icns */,
				EF7F553B140FDC6300D8B26A /* Info.plist */,
				EF7F5530140FDC6300D8B26A /* English.lproj */,
			);
			name = Resources;
			sourceTree = "<group>";
		};
		EF7F5530140FDC6300D8B26A /* English.lproj */ = {
			isa = PBXGroup;
			children = (
				EF7F5531140FDC6300D8B26A /* InfoPlist.strings */,
				EF7F5534140FDC6300D8B26A /* MainMenu.xib */,
			);
			name = English.lproj;
			sourceTree = "<group>";
		};
		EF7F553C140FDC6300D8B26A /* libs */ = {
			isa = PBXGroup;
			children = (
				EF7F5632140FDC6500D8B26A /* LICENSE_cocos2d.txt */,
				EF7F5641140FDC6500D8B26A /* LICENSE_CocosDenshion.txt */,
				EF7F553D140FDC6300D8B26A /* cocos2d */,
				EF7F5633140FDC6500D8B26A /* CocosDenshion */,
				EF7F5642140FDC6500D8B26A /* CocosDenshionExtras */,
			);
			name = libs;
			sourceTree = "<group>";
		};
		EF7F553D140FDC6300D8B26A /* cocos2d */ = {
			isa = PBXGroup;
			children = (
				EF7F553E140FDC6300D8B26A /* CCAction.h */,
				EF7F553F140FDC6300D8B26A /* CCAction.m */,
				EF7F5541140FDC6300D8B26A /* CCActionCamera.h */,
				EF7F5542140FDC6300D8B26A /* CCActionCamera.m */,
				EF7F5544140FDC6300D8B26A /* CCActionEase.h */,
				EF7F5545140FDC6300D8B26A /* CCActionEase.m */,
				EF7F5547140FDC6300D8B26A /* CCActionGrid.h */,
				EF7F5548140FDC6400D8B26A /* CCActionGrid.m */,
				EF7F554A140FDC6400D8B26A /* CCActionGrid3D.h */,
				EF7F554B140FDC6400D8B26A /* CCActionGrid3D.m */,
				EF7F554D140FDC6400D8B26A /* CCActionInstant.h */,
				EF7F554E140FDC6400D8B26A /* CCActionInstant.m */,
				EF7F5550140FDC6400D8B26A /* CCActionInterval.h */,
				EF7F5551140FDC6400D8B26A /* CCActionInterval.m */,
				EF7F5553140FDC6400D8B26A /* CCActionManager.h */,
				EF7F5554140FDC6400D8B26A /* CCActionManager.m */,
				EF7F5556140FDC6400D8B26A /* CCActionPageTurn3D.h */,
				EF7F5557140FDC6400D8B26A /* CCActionPageTurn3D.m */,
				EF7F5559140FDC6400D8B26A /* CCActionProgressTimer.h */,
				EF7F555A140FDC6400D8B26A /* CCActionProgressTimer.m */,
				EF7F555C140FDC6400D8B26A /* CCActionTiledGrid.h */,
				EF7F555D140FDC6400D8B26A /* CCActionTiledGrid.m */,
				EF7F555F140FDC6400D8B26A /* CCActionTween.h */,
				EF7F5560140FDC6400D8B26A /* CCActionTween.m */,
				EF7F5562140FDC6400D8B26A /* CCAnimation.h */,
				EF7F5563140FDC6400D8B26A /* CCAnimation.m */,
				EF7F5565140FDC6400D8B26A /* CCAnimationCache.h */,
				EF7F5566140FDC6400D8B26A /* CCAnimationCache.m */,
				EF7F5568140FDC6400D8B26A /* CCAtlasNode.h */,
				EF7F5569140FDC6400D8B26A /* CCAtlasNode.m */,
				EF7F556B140FDC6400D8B26A /* CCBlockSupport.h */,
				EF7F556C140FDC6400D8B26A /* CCBlockSupport.m */,
				EF7F556E140FDC6400D8B26A /* CCCamera.h */,
				EF7F556F140FDC6400D8B26A /* CCCamera.m */,
				EF7F5571140FDC6400D8B26A /* ccConfig.h */,
				EF7F5572140FDC6400D8B26A /* CCConfiguration.h */,
				EF7F5573140FDC6400D8B26A /* CCConfiguration.m */,
				EF7F5575140FDC6400D8B26A /* CCDirector.h */,
				EF7F5576140FDC6400D8B26A /* CCDirector.m */,
				EF7F5578140FDC6400D8B26A /* CCDrawingPrimitives.h */,
				EF7F5579140FDC6400D8B26A /* CCDrawingPrimitives.m */,
				EF7F557B140FDC6400D8B26A /* CCGrabber.h */,
				EF7F557C140FDC6400D8B26A /* CCGrabber.m */,
				EF7F557E140FDC6400D8B26A /* CCGrid.h */,
				EF7F557F140FDC6400D8B26A /* CCGrid.m */,
				EF7F5581140FDC6400D8B26A /* CCLabelAtlas.h */,
				EF7F5582140FDC6400D8B26A /* CCLabelAtlas.m */,
				EF7F5584140FDC6400D8B26A /* CCLabelBMFont.h */,
				EF7F5585140FDC6400D8B26A /* CCLabelBMFont.m */,
				EF7F5587140FDC6400D8B26A /* CCLabelTTF.h */,
				EF7F5588140FDC6400D8B26A /* CCLabelTTF.m */,
				EF7F558A140FDC6400D8B26A /* CCLayer.h */,
				EF7F558B140FDC6400D8B26A /* CCLayer.m */,
				EF7F558D140FDC6400D8B26A /* ccMacros.h */,
				EF7F558E140FDC6400D8B26A /* CCMenu.h */,
				EF7F558F140FDC6400D8B26A /* CCMenu.m */,
				EF7F5591140FDC6400D8B26A /* CCMenuItem.h */,
				EF7F5592140FDC6400D8B26A /* CCMenuItem.m */,
				EF7F5594140FDC6400D8B26A /* CCMotionStreak.h */,
				EF7F5595140FDC6400D8B26A /* CCMotionStreak.m */,
				EF7F5597140FDC6400D8B26A /* CCNode.h */,
				EF7F5598140FDC6400D8B26A /* CCNode.m */,
				EF7F559A140FDC6400D8B26A /* CCParallaxNode.h */,
				EF7F559B140FDC6400D8B26A /* CCParallaxNode.m */,
				EF7F559D140FDC6400D8B26A /* CCParticleExamples.h */,
				EF7F559E140FDC6400D8B26A /* CCParticleExamples.m */,
				EF7F55A0140FDC6400D8B26A /* CCParticleSystem.h */,
				EF7F55A1140FDC6400D8B26A /* CCParticleSystem.m */,
				EF7F55A3140FDC6400D8B26A /* CCParticleSystemPoint.h */,
				EF7F55A4140FDC6400D8B26A /* CCParticleSystemPoint.m */,
				EF7F55A6140FDC6400D8B26A /* CCParticleSystemQuad.h */,
				EF7F55A7140FDC6400D8B26A /* CCParticleSystemQuad.m */,
				EF7F55A9140FDC6400D8B26A /* CCProgressTimer.h */,
				EF7F55AA140FDC6400D8B26A /* CCProgressTimer.m */,
				EF7F55AC140FDC6400D8B26A /* CCProtocols.h */,
				EF7F55AD140FDC6400D8B26A /* CCRenderTexture.h */,
				EF7F55AE140FDC6400D8B26A /* CCRenderTexture.m */,
				EF7F55B0140FDC6400D8B26A /* CCRibbon.h */,
				EF7F55B1140FDC6400D8B26A /* CCRibbon.m */,
				EF7F55B3140FDC6400D8B26A /* CCScene.h */,
				EF7F55B4140FDC6400D8B26A /* CCScene.m */,
				EF7F55B6140FDC6400D8B26A /* CCScheduler.h */,
				EF7F55B7140FDC6400D8B26A /* CCScheduler.m */,
				EF7F55B9140FDC6400D8B26A /* CCSprite.h */,
				EF7F55BA140FDC6400D8B26A /* CCSprite.m */,
				EF7F55BC140FDC6400D8B26A /* CCSpriteBatchNode.h */,
				EF7F55BD140FDC6400D8B26A /* CCSpriteBatchNode.m */,
				EF7F55BF140FDC6400D8B26A /* CCSpriteFrame.h */,
				EF7F55C0140FDC6400D8B26A /* CCSpriteFrame.m */,
				EF7F55C2140FDC6400D8B26A /* CCSpriteFrameCache.h */,
				EF7F55C3140FDC6400D8B26A /* CCSpriteFrameCache.m */,
				EF7F55C5140FDC6400D8B26A /* CCTexture2D.h */,
				EF7F55C6140FDC6500D8B26A /* CCTexture2D.m */,
				EF7F55C8140FDC6500D8B26A /* CCTextureAtlas.h */,
				EF7F55C9140FDC6500D8B26A /* CCTextureAtlas.m */,
				EF7F55CB140FDC6500D8B26A /* CCTextureCache.h */,
				EF7F55CC140FDC6500D8B26A /* CCTextureCache.m */,
				EF7F55CE140FDC6500D8B26A /* CCTexturePVR.h */,
				EF7F55CF140FDC6500D8B26A /* CCTexturePVR.m */,
				EF7F55D1140FDC6500D8B26A /* CCTileMapAtlas.h */,
				EF7F55D2140FDC6500D8B26A /* CCTileMapAtlas.m */,
				EF7F55D4140FDC6500D8B26A /* CCTMXLayer.h */,
				EF7F55D5140FDC6500D8B26A /* CCTMXLayer.m */,
				EF7F55D7140FDC6500D8B26A /* CCTMXObjectGroup.h */,
				EF7F55D8140FDC6500D8B26A /* CCTMXObjectGroup.m */,
				EF7F55DA140FDC6500D8B26A /* CCTMXTiledMap.h */,
				EF7F55DB140FDC6500D8B26A /* CCTMXTiledMap.m */,
				EF7F55DD140FDC6500D8B26A /* CCTMXXMLParser.h */,
				EF7F55DE140FDC6500D8B26A /* CCTMXXMLParser.m */,
				EF7F55E0140FDC6500D8B26A /* CCTransition.h */,
				EF7F55E1140FDC6500D8B26A /* CCTransition.m */,
				EF7F55E3140FDC6500D8B26A /* CCTransitionPageTurn.h */,
				EF7F55E4140FDC6500D8B26A /* CCTransitionPageTurn.m */,
				EF7F55E6140FDC6500D8B26A /* CCTransitionRadial.h */,
				EF7F55E7140FDC6500D8B26A /* CCTransitionRadial.m */,
				EF7F55E9140FDC6500D8B26A /* ccTypes.h */,
				EF7F55EA140FDC6500D8B26A /* cocos2d.h */,
				EF7F55EB140FDC6500D8B26A /* cocos2d.m */,
				EF7F55ED140FDC6500D8B26A /* Platforms */,
				EF7F5612140FDC6500D8B26A /* Support */,
			);
			name = cocos2d;
			sourceTree = "<group>";
		};
		EF7F55ED140FDC6500D8B26A /* Platforms */ = {
			isa = PBXGroup;
			children = (
				EF7F55EE140FDC6500D8B26A /* CCGL.h */,
				EF7F55EF140FDC6500D8B26A /* CCNS.h */,
				EF7F55F0140FDC6500D8B26A /* iOS */,
				EF7F5605140FDC6500D8B26A /* Mac */,
			);
			name = Platforms;
			sourceTree = "<group>";
		};
		EF7F55F0140FDC6500D8B26A /* iOS */ = {
			isa = PBXGroup;
			children = (
				EF7F55F1140FDC6500D8B26A /* CCDirectorIOS.h */,
				EF7F55F2140FDC6500D8B26A /* CCDirectorIOS.m */,
				EF7F55F4140FDC6500D8B26A /* CCTouchDelegateProtocol.h */,
				EF7F55F5140FDC6500D8B26A /* CCTouchDispatcher.h */,
				EF7F55F6140FDC6500D8B26A /* CCTouchDispatcher.m */,
				EF7F55F8140FDC6500D8B26A /* CCTouchHandler.h */,
				EF7F55F9140FDC6500D8B26A /* CCTouchHandler.m */,
				EF7F55FB140FDC6500D8B26A /* EAGLView.h */,
				EF7F55FC140FDC6500D8B26A /* EAGLView.m */,
				EF7F55FE140FDC6500D8B26A /* ES1Renderer.h */,
				EF7F55FF140FDC6500D8B26A /* ES1Renderer.m */,
				EF7F5601140FDC6500D8B26A /* ESRenderer.h */,
				EF7F5602140FDC6500D8B26A /* glu.c */,
				EF7F5604140FDC6500D8B26A /* glu.h */,
			);
			name = iOS;
			sourceTree = "<group>";
		};
		EF7F5605140FDC6500D8B26A /* Mac */ = {
			isa = PBXGroup;
			children = (
				EF7F5606140FDC6500D8B26A /* CCDirectorMac.h */,
				EF7F5607140FDC6500D8B26A /* CCDirectorMac.m */,
				EF7F5609140FDC6500D8B26A /* CCEventDispatcher.h */,
				EF7F560A140FDC6500D8B26A /* CCEventDispatcher.m */,
				EF7F560C140FDC6500D8B26A /* MacGLView.h */,
				EF7F560D140FDC6500D8B26A /* MacGLView.m */,
				EF7F560F140FDC6500D8B26A /* MacWindow.h */,
				EF7F5610140FDC6500D8B26A /* MacWindow.m */,
			);
			name = Mac;
			sourceTree = "<group>";
		};
		EF7F5612140FDC6500D8B26A /* Support */ = {
			isa = PBXGroup;
			children = (
				EF7F5613140FDC6500D8B26A /* base64.c */,
				EF7F5615140FDC6500D8B26A /* base64.h */,
				EF7F5616140FDC6500D8B26A /* CCArray.h */,
				EF7F5617140FDC6500D8B26A /* CCArray.m */,
				EF7F5619140FDC6500D8B26A /* ccCArray.h */,
				EF7F561A140FDC6500D8B26A /* CCFileUtils.h */,
				EF7F561B140FDC6500D8B26A /* CCFileUtils.m */,
				EF7F561D140FDC6500D8B26A /* CCProfiling.h */,
				EF7F561E140FDC6500D8B26A /* CCProfiling.m */,
				EF7F5620140FDC6500D8B26A /* ccUtils.c */,
				EF7F5622140FDC6500D8B26A /* ccUtils.h */,
				EF7F5623140FDC6500D8B26A /* CGPointExtension.h */,
				EF7F5624140FDC6500D8B26A /* CGPointExtension.m */,
				EF7F5626140FDC6500D8B26A /* OpenGL_Internal.h */,
				EF7F5627140FDC6500D8B26A /* TGAlib.h */,
				EF7F5628140FDC6500D8B26A /* TGAlib.m */,
				EF7F562A140FDC6500D8B26A /* TransformUtils.h */,
				EF7F562B140FDC6500D8B26A /* TransformUtils.m */,
				EF7F562D140FDC6500D8B26A /* uthash.h */,
				EF7F562E140FDC6500D8B26A /* utlist.h */,
				EF7F562F140FDC6500D8B26A /* ZipUtils.h */,
				EF7F5630140FDC6500D8B26A /* ZipUtils.m */,
			);
			name = Support;
			sourceTree = "<group>";
		};
		EF7F5633140FDC6500D8B26A /* CocosDenshion */ = {
			isa = PBXGroup;
			children = (
				EF7F5634140FDC6500D8B26A /* CDAudioManager.h */,
				EF7F5635140FDC6500D8B26A /* CDAudioManager.m */,
				EF7F5637140FDC6500D8B26A /* CDConfig.h */,
				EF7F5638140FDC6500D8B26A /* CDOpenALSupport.h */,
				EF7F5639140FDC6500D8B26A /* CDOpenALSupport.m */,
				EF7F563B140FDC6500D8B26A /* CocosDenshion.h */,
				EF7F563C140FDC6500D8B26A /* CocosDenshion.m */,
				EF7F563E140FDC6500D8B26A /* SimpleAudioEngine.h */,
				EF7F563F140FDC6500D8B26A /* SimpleAudioEngine.m */,
			);
			name = CocosDenshion;
			sourceTree = "<group>";
		};
		EF7F5642140FDC6500D8B26A /* CocosDenshionExtras */ = {
			isa = PBXGroup;
			children = (
				EF7F5643140FDC6500D8B26A /* CDXMacOSXSupport.h */,
				EF7F5644140FDC6500D8B26A /* CDXMacOSXSupport.m */,
				EF7F5646140FDC6500D8B26A /* CDXPropertyModifierAction.h */,
				EF7F5647140FDC6500D8B26A /* CDXPropertyModifierAction.m */,
			);
			name = CocosDenshionExtras;
			sourceTree = "<group>";
		};
		EF7F5649140FDC6500D8B26A /* Supporting Files */ = {
			isa = PBXGroup;
			children = (
				EF7F564A140FDC6500D8B26A /* Prefix.pch */,
				EF7F564B140FDC6500D8B26A /* main.m */,
			);
			name = "Supporting Files";
			sourceTree = "<group>";
		};
/* End PBXGroup section */

/* Begin PBXNativeTarget section */
		EF7F551D140FDC6300D8B26A /* Z1-editor */ = {
			isa = PBXNativeTarget;
			buildConfigurationList = EF7F5655140FDC6600D8B26A /* Build configuration list for PBXNativeTarget "Z1-editor" */;
			buildPhases = (
				EF7F551A140FDC6300D8B26A /* Sources */,
				EF7F551B140FDC6300D8B26A /* Frameworks */,
				EF7F551C140FDC6300D8B26A /* Resources */,
			);
			buildRules = (
			);
			dependencies = (
			);
			name = "Z1-editor";
			productName = "Z1-editor";
			productReference = EF7F551E140FDC6300D8B26A /* Z1-editor.app */;
			productType = "com.apple.product-type.application";
		};
/* End PBXNativeTarget section */

/* Begin PBXProject section */
		EF7F5515140FDC6300D8B26A /* Project object */ = {
			isa = PBXProject;
			attributes = {
				ORGANIZATIONNAME = "Good Doug";
			};
			buildConfigurationList = EF7F5518140FDC6300D8B26A /* Build configuration list for PBXProject "Z1-editor" */;
			compatibilityVersion = "Xcode 3.2";
			developmentRegion = English;
			hasScannedForEncodings = 0;
			knownRegions = (
				en,
				English,
			);
			mainGroup = EF7F5513140FDC6300D8B26A;
			productRefGroup = EF7F551F140FDC6300D8B26A /* Products */;
			projectDirPath = "";
			projectRoot = "";
			targets = (
				EF7F551D140FDC6300D8B26A /* Z1-editor */,
			);
		};
/* End PBXProject section */

/* Begin PBXResourcesBuildPhase section */
		EF7F551C140FDC6300D8B26A /* Resources */ = {
			isa = PBXResourcesBuildPhase;
			buildActionMask = 2147483647;
			files = (
				EF7F5533140FDC6300D8B26A /* InfoPlist.strings in Resources */,
				EF7F5536140FDC6300D8B26A /* MainMenu.xib in Resources */,
				EF7F5538140FDC6300D8B26A /* fps_images.png in Resources */,
				EF7F553A140FDC6300D8B26A /* icon.icns in Resources */,
			);
			runOnlyForDeploymentPostprocessing = 0;
		};
/* End PBXResourcesBuildPhase section */

/* Begin PBXSourcesBuildPhase section */
		EF7F551A140FDC6300D8B26A /* Sources */ = {
			isa = PBXSourcesBuildPhase;
			buildActionMask = 2147483647;
			files = (
				EF7F5540140FDC6300D8B26A /* CCAction.m in Sources */,
				EF7F5543140FDC6300D8B26A /* CCActionCamera.m in Sources */,
				EF7F5546140FDC6300D8B26A /* CCActionEase.m in Sources */,
				EF7F5549140FDC6400D8B26A /* CCActionGrid.m in Sources */,
				EF7F554C140FDC6400D8B26A /* CCActionGrid3D.m in Sources */,
				EF7F554F140FDC6400D8B26A /* CCActionInstant.m in Sources */,
				EF7F5552140FDC6400D8B26A /* CCActionInterval.m in Sources */,
				EF7F5555140FDC6400D8B26A /* CCActionManager.m in Sources */,
				EF7F5558140FDC6400D8B26A /* CCActionPageTurn3D.m in Sources */,
				EF7F555B140FDC6400D8B26A /* CCActionProgressTimer.m in Sources */,
				EF7F555E140FDC6400D8B26A /* CCActionTiledGrid.m in Sources */,
				EF7F5561140FDC6400D8B26A /* CCActionTween.m in Sources */,
				EF7F5564140FDC6400D8B26A /* CCAnimation.m in Sources */,
				EF7F5567140FDC6400D8B26A /* CCAnimationCache.m in Sources */,
				EF7F556A140FDC6400D8B26A /* CCAtlasNode.m in Sources */,
				EF7F556D140FDC6400D8B26A /* CCBlockSupport.m in Sources */,
				EF7F5570140FDC6400D8B26A /* CCCamera.m in Sources */,
				EF7F5574140FDC6400D8B26A /* CCConfiguration.m in Sources */,
				EF7F5577140FDC6400D8B26A /* CCDirector.m in Sources */,
				EF7F557A140FDC6400D8B26A /* CCDrawingPrimitives.m in Sources */,
				EF7F557D140FDC6400D8B26A /* CCGrabber.m in Sources */,
				EF7F5580140FDC6400D8B26A /* CCGrid.m in Sources */,
				EF7F5583140FDC6400D8B26A /* CCLabelAtlas.m in Sources */,
				EF7F5586140FDC6400D8B26A /* CCLabelBMFont.m in Sources */,
				EF7F5589140FDC6400D8B26A /* CCLabelTTF.m in Sources */,
				EF7F558C140FDC6400D8B26A /* CCLayer.m in Sources */,
				EF7F5590140FDC6400D8B26A /* CCMenu.m in Sources */,
				EF7F5593140FDC6400D8B26A /* CCMenuItem.m in Sources */,
				EF7F5596140FDC6400D8B26A /* CCMotionStreak.m in Sources */,
				EF7F5599140FDC6400D8B26A /* CCNode.m in Sources */,
				EF7F559C140FDC6400D8B26A /* CCParallaxNode.m in Sources */,
				EF7F559F140FDC6400D8B26A /* CCParticleExamples.m in Sources */,
				EF7F55A2140FDC6400D8B26A /* CCParticleSystem.m in Sources */,
				EF7F55A5140FDC6400D8B26A /* CCParticleSystemPoint.m in Sources */,
				EF7F55A8140FDC6400D8B26A /* CCParticleSystemQuad.m in Sources */,
				EF7F55AB140FDC6400D8B26A /* CCProgressTimer.m in Sources */,
				EF7F55AF140FDC6400D8B26A /* CCRenderTexture.m in Sources */,
				EF7F55B2140FDC6400D8B26A /* CCRibbon.m in Sources */,
				EF7F55B5140FDC6400D8B26A /* CCScene.m in Sources */,
				EF7F55B8140FDC6400D8B26A /* CCScheduler.m in Sources */,
				EF7F55BB140FDC6400D8B26A /* CCSprite.m in Sources */,
				EF7F55BE140FDC6400D8B26A /* CCSpriteBatchNode.m in Sources */,
				EF7F55C1140FDC6400D8B26A /* CCSpriteFrame.m in Sources */,
				EF7F55C4140FDC6400D8B26A /* CCSpriteFrameCache.m in Sources */,
				EF7F55C7140FDC6500D8B26A /* CCTexture2D.m in Sources */,
				EF7F55CA140FDC6500D8B26A /* CCTextureAtlas.m in Sources */,
				EF7F55CD140FDC6500D8B26A /* CCTextureCache.m in Sources */,
				EF7F55D0140FDC6500D8B26A /* CCTexturePVR.m in Sources */,
				EF7F55D3140FDC6500D8B26A /* CCTileMapAtlas.m in Sources */,
				EF7F55D6140FDC6500D8B26A /* CCTMXLayer.m in Sources */,
				EF7F55D9140FDC6500D8B26A /* CCTMXObjectGroup.m in Sources */,
				EF7F55DC140FDC6500D8B26A /* CCTMXTiledMap.m in Sources */,
				EF7F55DF140FDC6500D8B26A /* CCTMXXMLParser.m in Sources */,
				EF7F55E2140FDC6500D8B26A /* CCTransition.m in Sources */,
				EF7F55E5140FDC6500D8B26A /* CCTransitionPageTurn.m in Sources */,
				EF7F55E8140FDC6500D8B26A /* CCTransitionRadial.m in Sources */,
				EF7F55EC140FDC6500D8B26A /* cocos2d.m in Sources */,
				EF7F55F3140FDC6500D8B26A /* CCDirectorIOS.m in Sources */,
				EF7F55F7140FDC6500D8B26A /* CCTouchDispatcher.m in Sources */,
				EF7F55FA140FDC6500D8B26A /* CCTouchHandler.m in Sources */,
				EF7F55FD140FDC6500D8B26A /* EAGLView.m in Sources */,
				EF7F5600140FDC6500D8B26A /* ES1Renderer.m in Sources */,
				EF7F5603140FDC6500D8B26A /* glu.c in Sources */,
				EF7F5608140FDC6500D8B26A /* CCDirectorMac.m in Sources */,
				EF7F560B140FDC6500D8B26A /* CCEventDispatcher.m in Sources */,
				EF7F560E140FDC6500D8B26A /* MacGLView.m in Sources */,
				EF7F5611140FDC6500D8B26A /* MacWindow.m in Sources */,
				EF7F5614140FDC6500D8B26A /* base64.c in Sources */,
				EF7F5618140FDC6500D8B26A /* CCArray.m in Sources */,
				EF7F561C140FDC6500D8B26A /* CCFileUtils.m in Sources */,
				EF7F561F140FDC6500D8B26A /* CCProfiling.m in Sources */,
				EF7F5621140FDC6500D8B26A /* ccUtils.c in Sources */,
				EF7F5625140FDC6500D8B26A /* CGPointExtension.m in Sources */,
				EF7F5629140FDC6500D8B26A /* TGAlib.m in Sources */,
				EF7F562C140FDC6500D8B26A /* TransformUtils.m in Sources */,
				EF7F5631140FDC6500D8B26A /* ZipUtils.m in Sources */,
				EF7F5636140FDC6500D8B26A /* CDAudioManager.m in Sources */,
				EF7F563A140FDC6500D8B26A /* CDOpenALSupport.m in Sources */,
				EF7F563D140FDC6500D8B26A /* CocosDenshion.m in Sources */,
				EF7F5640140FDC6500D8B26A /* SimpleAudioEngine.m in Sources */,
				EF7F5645140FDC6500D8B26A /* CDXMacOSXSupport.m in Sources */,
				EF7F5648140FDC6500D8B26A /* CDXPropertyModifierAction.m in Sources */,
				EF7F564C140FDC6500D8B26A /* main.m in Sources */,
				EF7F564F140FDC6500D8B26A /* AppDelegate.m in Sources */,
				EF7F5652140FDC6500D8B26A /* HelloWorldLayer.m in Sources */,
			);
			runOnlyForDeploymentPostprocessing = 0;
		};
/* End PBXSourcesBuildPhase section */

/* Begin PBXVariantGroup section */
		EF7F5531140FDC6300D8B26A /* InfoPlist.strings */ = {
			isa = PBXVariantGroup;
			children = (
				EF7F5532140FDC6300D8B26A /* English */,
			);
			name = InfoPlist.strings;
			sourceTree = "<group>";
		};
		EF7F5534140FDC6300D8B26A /* MainMenu.xib */ = {
			isa = PBXVariantGroup;
			children = (
				EF7F5535140FDC6300D8B26A /* English */,
			);
			name = MainMenu.xib;
			sourceTree = "<group>";
		};
/* End PBXVariantGroup section */

/* Begin XCBuildConfiguration section */
		EF7F5653140FDC6600D8B26A /* Debug */ = {
			isa = XCBuildConfiguration;
			buildSettings = {
				ARCHS = "$(ARCHS_STANDARD_32_64_BIT)";
				GCC_C_LANGUAGE_STANDARD = gnu99;
				GCC_OPTIMIZATION_LEVEL = 0;
				GCC_PREPROCESSOR_DEFINITIONS = (
					DEBUG,
					"COCOS2D_DEBUG=1",
				);
				GCC_SYMBOLS_PRIVATE_EXTERN = NO;
				GCC_VERSION = com.apple.compilers.llvm.clang.1_0;
				GCC_WARN_64_TO_32_BIT_CONVERSION = YES;
				GCC_WARN_ABOUT_RETURN_TYPE = YES;
				GCC_WARN_UNUSED_VARIABLE = YES;
				MACOSX_DEPLOYMENT_TARGET = 10.7;
				ONLY_ACTIVE_ARCH = YES;
				SDKROOT = macosx;
			};
			name = Debug;
		};
		EF7F5654140FDC6600D8B26A /* Release */ = {
			isa = XCBuildConfiguration;
			buildSettings = {
				ARCHS = "$(ARCHS_STANDARD_32_64_BIT)";
				GCC_C_LANGUAGE_STANDARD = gnu99;
				GCC_PREPROCESSOR_DEFINITIONS = NDEBUG;
				GCC_VERSION = com.apple.compilers.llvm.clang.1_0;
				GCC_WARN_64_TO_32_BIT_CONVERSION = YES;
				GCC_WARN_ABOUT_RETURN_TYPE = YES;
				GCC_WARN_UNUSED_VARIABLE = YES;
				MACOSX_DEPLOYMENT_TARGET = 10.7;
				OTHER_CFLAGS = "-DNS_BLOCK_ASSERTIONS=1";
				SDKROOT = macosx;
			};
			name = Release;
		};
		EF7F5656140FDC6600D8B26A /* Debug */ = {
			isa = XCBuildConfiguration;
			buildSettings = {
				ALWAYS_SEARCH_USER_PATHS = NO;
				COPY_PHASE_STRIP = NO;
				GCC_DYNAMIC_NO_PIC = NO;
				GCC_ENABLE_OBJC_EXCEPTIONS = YES;
				GCC_PRECOMPILE_PREFIX_HEADER = YES;
				GCC_PREFIX_HEADER = "Z1-editor/Prefix.pch";
				INFOPLIST_FILE = "Z1-editor/Resources/Info.plist";
				OTHER_LDFLAGS = "-lz";
				PRODUCT_NAME = "$(TARGET_NAME)";
				WRAPPER_EXTENSION = app;
			};
			name = Debug;
		};
		EF7F5657140FDC6600D8B26A /* Release */ = {
			isa = XCBuildConfiguration;
			buildSettings = {
				ALWAYS_SEARCH_USER_PATHS = NO;
				COPY_PHASE_STRIP = YES;
				DEBUG_INFORMATION_FORMAT = "dwarf-with-dsym";
				GCC_ENABLE_OBJC_EXCEPTIONS = YES;
				GCC_PRECOMPILE_PREFIX_HEADER = YES;
				GCC_PREFIX_HEADER = "Z1-editor/Prefix.pch";
				INFOPLIST_FILE = "Z1-editor/Resources/Info.plist";
				OTHER_LDFLAGS = "-lz";
				PRODUCT_NAME = "$(TARGET_NAME)";
				WRAPPER_EXTENSION = app;
			};
			name = Release;
		};
/* End XCBuildConfiguration section */

/* Begin XCConfigurationList section */
		EF7F5518140FDC6300D8B26A /* Build configuration list for PBXProject "Z1-editor" */ = {
			isa = XCConfigurationList;
			buildConfigurations = (
				EF7F5653140FDC6600D8B26A /* Debug */,
				EF7F5654140FDC6600D8B26A /* Release */,
			);
			defaultConfigurationIsVisible = 0;
			defaultConfigurationName = Release;
		};
		EF7F5655140FDC6600D8B26A /* Build configuration list for PBXNativeTarget "Z1-editor" */ = {
			isa = XCConfigurationList;
			buildConfigurations = (
				EF7F5656140FDC6600D8B26A /* Debug */,
				EF7F5657140FDC6600D8B26A /* Release */,
			);
			defaultConfigurationIsVisible = 0;
		};
/* End XCConfigurationList section */
	};
	rootObject = EF7F5515140FDC6300D8B26A /* Project object */;
}
